
Microsoft Visual Studio Solution File, Format Version 12.00
# Visual Studio Version 17
VisualStudioVersion = 17.0.31912.275
MinimumVisualStudioVersion = 10.0.40219.1
Project("{8BC9CEB8-8B4A-11D0-8D11-00A0C91BC942}") = "BitsTest", "BitsTest\BitsTest.vcxproj", "{5B0D9911-39E2-4980-98D8-8190E2EAFDA0}"
EndProject
Project("{8BC9CEB8-8B4A-11D0-8D11-00A0C91BC942}") = "StackTrace", "StackTrace\StackTrace.vcxproj", "{7F707098-BA26-4E9B-90AC-B086A1471F26}"
EndProject
Project("{8BC9CEB8-8B4A-11D0-8D11-00A0C91BC942}") = "WlanTest", "WlanTest\WlanTest.vcxproj", "{29EED3B7-8627-49AB-A16B-7718019EADBC}"
EndProject
Project("{8BC9CEB8-8B4A-11D0-8D11-00A0C91BC942}") = "AdSystemInfo", "AdSystemInfo\AdSystemInfo.vcxproj", "{3ADCB2D2-9CB1-4CC8-AF19-97F74E272DC8}"
EndProject
Project("{8BC9CEB8-8B4A-11D0-8D11-00A0C91BC942}") = "HardDriveInfo", "HardDriveInfo\HardDriveInfo.vcxproj", "{6DD230DA-4F0A-4B6C-B9E1-41E32AD17488}"
EndProject
Project("{8BC9CEB8-8B4A-11D0-8D11-00A0C91BC942}") = "WinHttp", "WinHttp\WinHttp.vcxproj", "{EDDEDB6A-EDB3-41E9-ADDC-0DCA8A01A8BA}"
EndProject
Project("{8BC9CEB8-8B4A-11D0-8D11-00A0C91BC942}") = "RegEditor", "RegEditor\RegEditor.vcxproj", "{D3114B9D-C41E-402E-9A60-63CAB60FB061}"
EndProject
Project("{8BC9CEB8-8B4A-11D0-8D11-00A0C91BC942}") = "DateTimeFormat", "DateTimeFormat\DateTimeFormat.vcxproj", "{76B55457-07CF-43BD-B409-0080AF7318D2}"
EndProject
Project("{8BC9CEB8-8B4A-11D0-8D11-00A0C91BC942}") = "WTS", "WTS\WTS.vcxproj", "{A8B38763-F93A-4715-81F4-CC31E9AEA4A0}"
EndProject
Project("{8BC9CEB8-8B4A-11D0-8D11-00A0C91BC942}") = "ProcessServer", "ProcessServer\ProcessServer.vcxproj", "{C25830E5-D5C6-46AC-B84D-A45C1AAC041C}"
	ProjectSection(ProjectDependencies) = postProject
		{86C61852-DD50-4242-BC3C-29B0A77D8158} = {86C61852-DD50-4242-BC3C-29B0A77D8158}
	EndProjectSection
EndProject
Project("{8BC9CEB8-8B4A-11D0-8D11-00A0C91BC942}") = "ProcessClient", "ProcessClient\ProcessClient.vcxproj", "{86C61852-DD50-4242-BC3C-29B0A77D8158}"
EndProject
Project("{8BC9CEB8-8B4A-11D0-8D11-00A0C91BC942}") = "IcmpTests", "IcmpTests\IcmpTests.vcxproj", "{7A5FC55A-F8EF-46A0-AFE8-A8977A5BC79C}"
EndProject
Project("{8BC9CEB8-8B4A-11D0-8D11-00A0C91BC942}") = "Random", "Random\Random.vcxproj", "{62766980-BCB8-4135-A08D-A960E3F0BB37}"
EndProject
Project("{8BC9CEB8-8B4A-11D0-8D11-00A0C91BC942}") = "WebSocket", "WebSocket\WebSocket.vcxproj", "{4E65FC96-F533-4F7B-97AE-85F092EF7468}"
EndProject
Project("{2150E333-8FDC-42A3-9474-1A3956D46DE8}") = "WinHttp WebSocket", "WinHttp WebSocket", "{3A496B5D-4188-43FC-883A-A36C5408DAF0}"
EndProject
Project("{2150E333-8FDC-42A3-9474-1A3956D46DE8}") = "Process", "Process", "{6A6F7F77-018F-42EF-948A-2C04F3A2CE5D}"
EndProject
Project("{2150E333-8FDC-42A3-9474-1A3956D46DE8}") = "ClientServer", "ClientServer", "{68E1B0EB-3487-4FAE-838E-EA7DC634963F}"
EndProject
Project("{2150E333-8FDC-42A3-9474-1A3956D46DE8}") = "CreateRestrictedProcess", "CreateRestrictedProcess", "{56FBFF47-9992-4FE0-BCCA-53B24EA3F1A9}"
EndProject
Project("{8BC9CEB8-8B4A-11D0-8D11-00A0C91BC942}") = "Client", "Client\Client.vcxproj", "{3E7B24BF-B5FD-4F9D-A530-54F0F448E527}"
EndProject
Project("{8BC9CEB8-8B4A-11D0-8D11-00A0C91BC942}") = "Server", "Server\Server.vcxproj", "{5AD47E88-E7C7-4A6C-8015-C0774EBE2D4F}"
EndProject
Project("{2150E333-8FDC-42A3-9474-1A3956D46DE8}") = "Threads", "Threads", "{3D2CC93E-5C45-422F-AE02-1588936AF0A1}"
EndProject
Project("{8BC9CEB8-8B4A-11D0-8D11-00A0C91BC942}") = "Win32Threads", "Win32Threads\Win32Threads.vcxproj", "{09B6161D-2E58-44A1-9027-5ECE0A9C5F72}"
EndProject
Project("{8BC9CEB8-8B4A-11D0-8D11-00A0C91BC942}") = "PrintLastError", "PrintLastError\PrintLastError.vcxproj", "{0F5D2D9D-4A0B-41A8-94F4-FB1B6BE9E8F1}"
EndProject
Project("{8BC9CEB8-8B4A-11D0-8D11-00A0C91BC942}") = "ClientServerLib", "ClientServerLib\ClientServerLib.vcxproj", "{66FF1711-B0E0-4975-842C-F5AEF199FEE4}"
EndProject
Project("{8BC9CEB8-8B4A-11D0-8D11-00A0C91BC942}") = "CreateGuid", "CreateGuid\CreateGuid.vcxproj", "{2F21096C-35F0-426E-9C78-7BF76AAC7D8B}"
EndProject
Project("{2150E333-8FDC-42A3-9474-1A3956D46DE8}") = "RedirectedStd", "RedirectedStd", "{D21683C0-F318-4969-AE4F-8D5E9C8CF046}"
EndProject
Project("{8BC9CEB8-8B4A-11D0-8D11-00A0C91BC942}") = "Parent", "Parent\Parent.vcxproj", "{42269ACC-4C0B-44BA-9D8C-E7ED0933FF34}"
EndProject
Project("{8BC9CEB8-8B4A-11D0-8D11-00A0C91BC942}") = "Child", "Child\Child.vcxproj", "{7A87EF63-8B9C-4C58-9E93-AE0B44863D7A}"
EndProject
Project("{2150E333-8FDC-42A3-9474-1A3956D46DE8}") = "RapidJsonMerge", "RapidJsonMerge", "{26A4AFAF-5E03-4AA6-88B7-1949C68A95B2}"
EndProject
Project("{8BC9CEB8-8B4A-11D0-8D11-00A0C91BC942}") = "Hello", "Hello\Hello.vcxproj", "{0840547D-EEEA-4ECC-8515-E507B4052F23}"
EndProject
Project("{2150E333-8FDC-42A3-9474-1A3956D46DE8}") = "Security", "Security", "{7562C59E-925D-4A50-9239-384F3C7CFFD7}"
EndProject
Project("{8BC9CEB8-8B4A-11D0-8D11-00A0C91BC942}") = "CreateUserAndGroup", "CreateUserAndGroup\CreateUserAndGroup.vcxproj", "{6E08CC76-450A-4381-BC15-E87264847CA2}"
EndProject
Project("{8BC9CEB8-8B4A-11D0-8D11-00A0C91BC942}") = "Icmp6Tests", "Icmp6Tests\Icmp6Tests.vcxproj", "{6C6CE54A-2B58-4BF8-83F9-4F4A0D966906}"
EndProject
Project("{8BC9CEB8-8B4A-11D0-8D11-00A0C91BC942}") = "TimeTriggerExample", "TimeTriggerExample\TimeTriggerExample.vcxproj", "{2EDC1057-F415-48A9-AAC8-347BB571E2B3}"
EndProject
Project("{8BC9CEB8-8B4A-11D0-8D11-00A0C91BC942}") = "DisplayingTaskNamesAndStatesExample", "DisplayingTaskNamesAndStatesExample\DisplayingTaskNamesAndStatesExample.vcxproj", "{C168B586-CB85-4756-9424-FE36AA338FB9}"
EndProject
Project("{8BC9CEB8-8B4A-11D0-8D11-00A0C91BC942}") = "ExportImportCertificate", "ExportImportCertificate\ExportImportCertificate.vcxproj", "{B838B81B-1180-4AF4-A81A-8F067C1C7A8E}"
EndProject
Project("{8BC9CEB8-8B4A-11D0-8D11-00A0C91BC942}") = "CertEncodeDecode", "CertEncodeDecode\CertEncodeDecode.vcxproj", "{C84A2140-C155-49F1-92B4-E19103C2CF98}"
EndProject
Project("{8BC9CEB8-8B4A-11D0-8D11-00A0C91BC942}") = "CrashDump", "CrashDump\CrashDump.vcxproj", "{E6A39EEC-8B0F-4684-B0A3-804E0B29F7C4}"
EndProject
Project("{8BC9CEB8-8B4A-11D0-8D11-00A0C91BC942}") = "ConditionVariables", "ConditionVariables\ConditionVariables.vcxproj", "{26EA1DAC-2E21-48C0-B7AB-DD808AC92F17}"
EndProject
Project("{8BC9CEB8-8B4A-11D0-8D11-00A0C91BC942}") = "EnumeratingAllProcessModules", "EnumeratingAllProcessModules\EnumeratingAllProcessModules.vcxproj", "{17771D8E-ABD5-46FC-8192-1F3F426F8240}"
EndProject
Project("{8BC9CEB8-8B4A-11D0-8D11-00A0C91BC942}") = "XAudio2", "XAudio2\XAudio2.vcxproj", "{7371DDC6-D8F8-4932-A78D-6D132C2E206F}"
EndProject
Project("{2150E333-8FDC-42A3-9474-1A3956D46DE8}") = "Misc", "Misc", "{D5EBBA98-804C-4BCE-970F-09317CD2E609}"
EndProject
Project("{8BC9CEB8-8B4A-11D0-8D11-00A0C91BC942}") = "WLAN", "WLAN\WLAN.vcxproj", "{6F48DB01-E4E9-45F8-B806-4977927E86A1}"
EndProject
Project("{8BC9CEB8-8B4A-11D0-8D11-00A0C91BC942}") = "PowerShell", "PowerShell\PowerShell.vcxproj", "{3CD8D4AD-6073-4B53-A58C-3E165402F4A7}"
EndProject
Project("{2150E333-8FDC-42A3-9474-1A3956D46DE8}") = "Sspi", "Sspi", "{A5B955FE-F529-4C8E-90E6-324041791A63}"
EndProject
Project("{2150E333-8FDC-42A3-9474-1A3956D46DE8}") = "Firewall", "Firewall", "{EE65B2BC-F2F4-4665-8E63-BA8364708F67}"
EndProject
Project("{8BC9CEB8-8B4A-11D0-8D11-00A0C91BC942}") = "IcmpRule", "IcmpRule\IcmpRule.vcxproj", "{CD3F662A-58EF-4DE5-BE75-3298A663DEF2}"
EndProject
Project("{2150E333-8FDC-42A3-9474-1A3956D46DE8}") = "Memory", "Memory", "{790467AD-DA18-461B-BF5E-E309FE93517C}"
EndProject
Project("{8BC9CEB8-8B4A-11D0-8D11-00A0C91BC942}") = "VirtualAllocReserving", "VirtualAllocReserving\VirtualAllocReserving.vcxproj", "{BB394A00-C005-4311-8A81-65A5407D25C7}"
EndProject
Project("{8BC9CEB8-8B4A-11D0-8D11-00A0C91BC942}") = "GuardPages", "GuardPages\GuardPages.vcxproj", "{D92AE10A-3942-4A0C-99DE-C79B0A627BBE}"
EndProject
Project("{8BC9CEB8-8B4A-11D0-8D11-00A0C91BC942}") = "TaskSchedulerDisplayTaskNames", "TaskSchedulerDisplayTaskNames\TaskSchedulerDisplayTaskNames.vcxproj", "{D11C52E6-4601-4BFA-9B2E-BAA1CE5F6858}"
EndProject
Project("{8BC9CEB8-8B4A-11D0-8D11-00A0C91BC942}") = "EnumSystemCertStores", "EnumSystemCertStores\EnumSystemCertStores.vcxproj", "{7B311F45-5C71-4494-AD13-2805863199BB}"
EndProject
Project("{8BC9CEB8-8B4A-11D0-8D11-00A0C91BC942}") = "SettingAndGettingCertStoreProperties", "SettingAndGettingCertStoreProperties\SettingAndGettingCertStoreProperties.vcxproj", "{7F2ED5D6-434B-4A81-84DA-CA5CAF7038A6}"
EndProject
Project("{8BC9CEB8-8B4A-11D0-8D11-00A0C91BC942}") = "PdhQuery", "PdhQuery\PdhQuery.vcxproj", "{D1EC0CBD-5C8A-4AE2-92F1-CD969768921E}"
EndProject
Project("{8BC9CEB8-8B4A-11D0-8D11-00A0C91BC942}") = "BrowsePdhCounters", "BrowsePdhCounters\BrowsePdhCounters.vcxproj", "{089F4076-5788-46DD-972C-FFCF2A8C359E}"
EndProject
Project("{8BC9CEB8-8B4A-11D0-8D11-00A0C91BC942}") = "CabinetExtract", "CabinetExtract\CabinetExtract.vcxproj", "{3201829B-2E0A-4A18-B6C3-9AF10054B2F7}"
EndProject
Project("{8BC9CEB8-8B4A-11D0-8D11-00A0C91BC942}") = "CabinetCreate", "CabinetCreate\CabinetCreate.vcxproj", "{0AC2F861-4FF3-4B04-99D2-E6436F14AC03}"
EndProject
Project("{8BC9CEB8-8B4A-11D0-8D11-00A0C91BC942}") = "GetNameInfo", "GetNameInfo\GetNameInfo.vcxproj", "{B9EF29EB-0AC4-4961-A12B-85F7496EC2E3}"
EndProject
Project("{8BC9CEB8-8B4A-11D0-8D11-00A0C91BC942}") = "WaitOnAddress", "WaitOnAddress\WaitOnAddress.vcxproj", "{272D0ABA-B515-47A7-A560-E4596E711819}"
EndProject
Project("{8BC9CEB8-8B4A-11D0-8D11-00A0C91BC942}") = "WMI", "WMI\WMI.vcxproj", "{052C1D75-7B98-441D-860C-8BF391629E49}"
EndProject
Project("{8BC9CEB8-8B4A-11D0-8D11-00A0C91BC942}") = "ExecuteCmd", "ExecuteCmd\ExecuteCmd.vcxproj", "{9AF57B13-B296-480C-8F97-D607529F2492}"
EndProject
Project("{8BC9CEB8-8B4A-11D0-8D11-00A0C91BC942}") = "WinSock", "WinSock\WinSock.vcxproj", "{A11714B9-097C-4779-99FA-CDCCB79A9038}"
EndProject
Project("{8BC9CEB8-8B4A-11D0-8D11-00A0C91BC942}") = "SigningAndVerification", "SigningAndVerification\SigningAndVerification.vcxproj", "{89F848F9-5C0E-4573-A2B8-9D72179D1058}"
EndProject
Project("{8BC9CEB8-8B4A-11D0-8D11-00A0C91BC942}") = "EventLog", "EventLog\EventLog.vcxproj", "{6BAD48E1-3433-43C3-86DB-C44058B5333C}"
EndProject
Project("{8BC9CEB8-8B4A-11D0-8D11-00A0C91BC942}") = "DesktopToastsSample", "DesktopToasts\src\DesktopToastsSample.vcxproj", "{77CC36BE-AD64-4AD3-95C6-0F352F6A3FE3}"
EndProject
Project("{2150E333-8FDC-42A3-9474-1A3956D46DE8}") = "COM", "COM", "{B73265A7-ED0C-41D7-8128-23A5341150F7}"
EndProject
Project("{8BC9CEB8-8B4A-11D0-8D11-00A0C91BC942}") = "basic-com", "basic-com\basic-com.vcxproj", "{6DC10ED1-BCB3-4EDD-A9B3-5736EFF641FF}"
EndProject
Global
	GlobalSection(SolutionConfigurationPlatforms) = preSolution
		Debug|x64 = Debug|x64
		Debug|x86 = Debug|x86
		Release|x64 = Release|x64
		Release|x86 = Release|x86
	EndGlobalSection
	GlobalSection(ProjectConfigurationPlatforms) = postSolution
		{5B0D9911-39E2-4980-98D8-8190E2EAFDA0}.Debug|x64.ActiveCfg = Debug|x64
		{5B0D9911-39E2-4980-98D8-8190E2EAFDA0}.Debug|x64.Build.0 = Debug|x64
		{5B0D9911-39E2-4980-98D8-8190E2EAFDA0}.Debug|x86.ActiveCfg = Debug|Win32
		{5B0D9911-39E2-4980-98D8-8190E2EAFDA0}.Debug|x86.Build.0 = Debug|Win32
		{5B0D9911-39E2-4980-98D8-8190E2EAFDA0}.Release|x64.ActiveCfg = Release|x64
		{5B0D9911-39E2-4980-98D8-8190E2EAFDA0}.Release|x64.Build.0 = Release|x64
		{5B0D9911-39E2-4980-98D8-8190E2EAFDA0}.Release|x86.ActiveCfg = Release|Win32
		{5B0D9911-39E2-4980-98D8-8190E2EAFDA0}.Release|x86.Build.0 = Release|Win32
		{7F707098-BA26-4E9B-90AC-B086A1471F26}.Debug|x64.ActiveCfg = Debug|x64
		{7F707098-BA26-4E9B-90AC-B086A1471F26}.Debug|x64.Build.0 = Debug|x64
		{7F707098-BA26-4E9B-90AC-B086A1471F26}.Debug|x86.ActiveCfg = Debug|Win32
		{7F707098-BA26-4E9B-90AC-B086A1471F26}.Debug|x86.Build.0 = Debug|Win32
		{7F707098-BA26-4E9B-90AC-B086A1471F26}.Release|x64.ActiveCfg = Release|x64
		{7F707098-BA26-4E9B-90AC-B086A1471F26}.Release|x64.Build.0 = Release|x64
		{7F707098-BA26-4E9B-90AC-B086A1471F26}.Release|x86.ActiveCfg = Release|Win32
		{7F707098-BA26-4E9B-90AC-B086A1471F26}.Release|x86.Build.0 = Release|Win32
		{29EED3B7-8627-49AB-A16B-7718019EADBC}.Debug|x64.ActiveCfg = Debug|x64
		{29EED3B7-8627-49AB-A16B-7718019EADBC}.Debug|x64.Build.0 = Debug|x64
		{29EED3B7-8627-49AB-A16B-7718019EADBC}.Debug|x86.ActiveCfg = Debug|Win32
		{29EED3B7-8627-49AB-A16B-7718019EADBC}.Debug|x86.Build.0 = Debug|Win32
		{29EED3B7-8627-49AB-A16B-7718019EADBC}.Release|x64.ActiveCfg = Release|x64
		{29EED3B7-8627-49AB-A16B-7718019EADBC}.Release|x64.Build.0 = Release|x64
		{29EED3B7-8627-49AB-A16B-7718019EADBC}.Release|x86.ActiveCfg = Release|Win32
		{29EED3B7-8627-49AB-A16B-7718019EADBC}.Release|x86.Build.0 = Release|Win32
		{3ADCB2D2-9CB1-4CC8-AF19-97F74E272DC8}.Debug|x64.ActiveCfg = Debug|x64
		{3ADCB2D2-9CB1-4CC8-AF19-97F74E272DC8}.Debug|x64.Build.0 = Debug|x64
		{3ADCB2D2-9CB1-4CC8-AF19-97F74E272DC8}.Debug|x86.ActiveCfg = Debug|Win32
		{3ADCB2D2-9CB1-4CC8-AF19-97F74E272DC8}.Debug|x86.Build.0 = Debug|Win32
		{3ADCB2D2-9CB1-4CC8-AF19-97F74E272DC8}.Release|x64.ActiveCfg = Release|x64
		{3ADCB2D2-9CB1-4CC8-AF19-97F74E272DC8}.Release|x64.Build.0 = Release|x64
		{3ADCB2D2-9CB1-4CC8-AF19-97F74E272DC8}.Release|x86.ActiveCfg = Release|Win32
		{3ADCB2D2-9CB1-4CC8-AF19-97F74E272DC8}.Release|x86.Build.0 = Release|Win32
		{6DD230DA-4F0A-4B6C-B9E1-41E32AD17488}.Debug|x64.ActiveCfg = Debug|x64
		{6DD230DA-4F0A-4B6C-B9E1-41E32AD17488}.Debug|x64.Build.0 = Debug|x64
		{6DD230DA-4F0A-4B6C-B9E1-41E32AD17488}.Debug|x86.ActiveCfg = Debug|Win32
		{6DD230DA-4F0A-4B6C-B9E1-41E32AD17488}.Debug|x86.Build.0 = Debug|Win32
		{6DD230DA-4F0A-4B6C-B9E1-41E32AD17488}.Release|x64.ActiveCfg = Release|x64
		{6DD230DA-4F0A-4B6C-B9E1-41E32AD17488}.Release|x64.Build.0 = Release|x64
		{6DD230DA-4F0A-4B6C-B9E1-41E32AD17488}.Release|x86.ActiveCfg = Release|Win32
		{6DD230DA-4F0A-4B6C-B9E1-41E32AD17488}.Release|x86.Build.0 = Release|Win32
		{EDDEDB6A-EDB3-41E9-ADDC-0DCA8A01A8BA}.Debug|x64.ActiveCfg = Debug|x64
		{EDDEDB6A-EDB3-41E9-ADDC-0DCA8A01A8BA}.Debug|x64.Build.0 = Debug|x64
		{EDDEDB6A-EDB3-41E9-ADDC-0DCA8A01A8BA}.Debug|x86.ActiveCfg = Debug|Win32
		{EDDEDB6A-EDB3-41E9-ADDC-0DCA8A01A8BA}.Debug|x86.Build.0 = Debug|Win32
		{EDDEDB6A-EDB3-41E9-ADDC-0DCA8A01A8BA}.Release|x64.ActiveCfg = Release|x64
		{EDDEDB6A-EDB3-41E9-ADDC-0DCA8A01A8BA}.Release|x64.Build.0 = Release|x64
		{EDDEDB6A-EDB3-41E9-ADDC-0DCA8A01A8BA}.Release|x86.ActiveCfg = Release|Win32
		{EDDEDB6A-EDB3-41E9-ADDC-0DCA8A01A8BA}.Release|x86.Build.0 = Release|Win32
		{D3114B9D-C41E-402E-9A60-63CAB60FB061}.Debug|x64.ActiveCfg = Debug|x64
		{D3114B9D-C41E-402E-9A60-63CAB60FB061}.Debug|x64.Build.0 = Debug|x64
		{D3114B9D-C41E-402E-9A60-63CAB60FB061}.Debug|x86.ActiveCfg = Debug|Win32
		{D3114B9D-C41E-402E-9A60-63CAB60FB061}.Debug|x86.Build.0 = Debug|Win32
		{D3114B9D-C41E-402E-9A60-63CAB60FB061}.Release|x64.ActiveCfg = Release|x64
		{D3114B9D-C41E-402E-9A60-63CAB60FB061}.Release|x64.Build.0 = Release|x64
		{D3114B9D-C41E-402E-9A60-63CAB60FB061}.Release|x86.ActiveCfg = Release|Win32
		{D3114B9D-C41E-402E-9A60-63CAB60FB061}.Release|x86.Build.0 = Release|Win32
		{76B55457-07CF-43BD-B409-0080AF7318D2}.Debug|x64.ActiveCfg = Debug|x64
		{76B55457-07CF-43BD-B409-0080AF7318D2}.Debug|x64.Build.0 = Debug|x64
		{76B55457-07CF-43BD-B409-0080AF7318D2}.Debug|x86.ActiveCfg = Debug|Win32
		{76B55457-07CF-43BD-B409-0080AF7318D2}.Debug|x86.Build.0 = Debug|Win32
		{76B55457-07CF-43BD-B409-0080AF7318D2}.Release|x64.ActiveCfg = Release|x64
		{76B55457-07CF-43BD-B409-0080AF7318D2}.Release|x64.Build.0 = Release|x64
		{76B55457-07CF-43BD-B409-0080AF7318D2}.Release|x86.ActiveCfg = Release|Win32
		{76B55457-07CF-43BD-B409-0080AF7318D2}.Release|x86.Build.0 = Release|Win32
		{A8B38763-F93A-4715-81F4-CC31E9AEA4A0}.Debug|x64.ActiveCfg = Debug|x64
		{A8B38763-F93A-4715-81F4-CC31E9AEA4A0}.Debug|x64.Build.0 = Debug|x64
		{A8B38763-F93A-4715-81F4-CC31E9AEA4A0}.Debug|x86.ActiveCfg = Debug|Win32
		{A8B38763-F93A-4715-81F4-CC31E9AEA4A0}.Debug|x86.Build.0 = Debug|Win32
		{A8B38763-F93A-4715-81F4-CC31E9AEA4A0}.Release|x64.ActiveCfg = Release|x64
		{A8B38763-F93A-4715-81F4-CC31E9AEA4A0}.Release|x64.Build.0 = Release|x64
		{A8B38763-F93A-4715-81F4-CC31E9AEA4A0}.Release|x86.ActiveCfg = Release|Win32
		{A8B38763-F93A-4715-81F4-CC31E9AEA4A0}.Release|x86.Build.0 = Release|Win32
		{C25830E5-D5C6-46AC-B84D-A45C1AAC041C}.Debug|x64.ActiveCfg = Debug|x64
		{C25830E5-D5C6-46AC-B84D-A45C1AAC041C}.Debug|x64.Build.0 = Debug|x64
		{C25830E5-D5C6-46AC-B84D-A45C1AAC041C}.Debug|x86.ActiveCfg = Debug|Win32
		{C25830E5-D5C6-46AC-B84D-A45C1AAC041C}.Debug|x86.Build.0 = Debug|Win32
		{C25830E5-D5C6-46AC-B84D-A45C1AAC041C}.Release|x64.ActiveCfg = Release|x64
		{C25830E5-D5C6-46AC-B84D-A45C1AAC041C}.Release|x64.Build.0 = Release|x64
		{C25830E5-D5C6-46AC-B84D-A45C1AAC041C}.Release|x86.ActiveCfg = Release|Win32
		{C25830E5-D5C6-46AC-B84D-A45C1AAC041C}.Release|x86.Build.0 = Release|Win32
		{86C61852-DD50-4242-BC3C-29B0A77D8158}.Debug|x64.ActiveCfg = Debug|x64
		{86C61852-DD50-4242-BC3C-29B0A77D8158}.Debug|x64.Build.0 = Debug|x64
		{86C61852-DD50-4242-BC3C-29B0A77D8158}.Debug|x86.ActiveCfg = Debug|Win32
		{86C61852-DD50-4242-BC3C-29B0A77D8158}.Debug|x86.Build.0 = Debug|Win32
		{86C61852-DD50-4242-BC3C-29B0A77D8158}.Release|x64.ActiveCfg = Release|x64
		{86C61852-DD50-4242-BC3C-29B0A77D8158}.Release|x64.Build.0 = Release|x64
		{86C61852-DD50-4242-BC3C-29B0A77D8158}.Release|x86.ActiveCfg = Release|Win32
		{86C61852-DD50-4242-BC3C-29B0A77D8158}.Release|x86.Build.0 = Release|Win32
		{7A5FC55A-F8EF-46A0-AFE8-A8977A5BC79C}.Debug|x64.ActiveCfg = Debug|x64
		{7A5FC55A-F8EF-46A0-AFE8-A8977A5BC79C}.Debug|x64.Build.0 = Debug|x64
		{7A5FC55A-F8EF-46A0-AFE8-A8977A5BC79C}.Debug|x86.ActiveCfg = Debug|Win32
		{7A5FC55A-F8EF-46A0-AFE8-A8977A5BC79C}.Debug|x86.Build.0 = Debug|Win32
		{7A5FC55A-F8EF-46A0-AFE8-A8977A5BC79C}.Release|x64.ActiveCfg = Release|x64
		{7A5FC55A-F8EF-46A0-AFE8-A8977A5BC79C}.Release|x64.Build.0 = Release|x64
		{7A5FC55A-F8EF-46A0-AFE8-A8977A5BC79C}.Release|x86.ActiveCfg = Release|Win32
		{7A5FC55A-F8EF-46A0-AFE8-A8977A5BC79C}.Release|x86.Build.0 = Release|Win32
		{62766980-BCB8-4135-A08D-A960E3F0BB37}.Debug|x64.ActiveCfg = Debug|x64
		{62766980-BCB8-4135-A08D-A960E3F0BB37}.Debug|x64.Build.0 = Debug|x64
		{62766980-BCB8-4135-A08D-A960E3F0BB37}.Debug|x86.ActiveCfg = Debug|Win32
		{62766980-BCB8-4135-A08D-A960E3F0BB37}.Debug|x86.Build.0 = Debug|Win32
		{62766980-BCB8-4135-A08D-A960E3F0BB37}.Release|x64.ActiveCfg = Release|x64
		{62766980-BCB8-4135-A08D-A960E3F0BB37}.Release|x64.Build.0 = Release|x64
		{62766980-BCB8-4135-A08D-A960E3F0BB37}.Release|x86.ActiveCfg = Release|Win32
		{62766980-BCB8-4135-A08D-A960E3F0BB37}.Release|x86.Build.0 = Release|Win32
		{4E65FC96-F533-4F7B-97AE-85F092EF7468}.Debug|x64.ActiveCfg = Debug|x64
		{4E65FC96-F533-4F7B-97AE-85F092EF7468}.Debug|x64.Build.0 = Debug|x64
		{4E65FC96-F533-4F7B-97AE-85F092EF7468}.Debug|x86.ActiveCfg = Debug|Win32
		{4E65FC96-F533-4F7B-97AE-85F092EF7468}.Debug|x86.Build.0 = Debug|Win32
		{4E65FC96-F533-4F7B-97AE-85F092EF7468}.Release|x64.ActiveCfg = Release|x64
		{4E65FC96-F533-4F7B-97AE-85F092EF7468}.Release|x64.Build.0 = Release|x64
		{4E65FC96-F533-4F7B-97AE-85F092EF7468}.Release|x86.ActiveCfg = Release|Win32
		{4E65FC96-F533-4F7B-97AE-85F092EF7468}.Release|x86.Build.0 = Release|Win32
		{3E7B24BF-B5FD-4F9D-A530-54F0F448E527}.Debug|x64.ActiveCfg = Debug|x64
		{3E7B24BF-B5FD-4F9D-A530-54F0F448E527}.Debug|x64.Build.0 = Debug|x64
		{3E7B24BF-B5FD-4F9D-A530-54F0F448E527}.Debug|x86.ActiveCfg = Debug|Win32
		{3E7B24BF-B5FD-4F9D-A530-54F0F448E527}.Debug|x86.Build.0 = Debug|Win32
		{3E7B24BF-B5FD-4F9D-A530-54F0F448E527}.Release|x64.ActiveCfg = Release|x64
		{3E7B24BF-B5FD-4F9D-A530-54F0F448E527}.Release|x64.Build.0 = Release|x64
		{3E7B24BF-B5FD-4F9D-A530-54F0F448E527}.Release|x86.ActiveCfg = Release|Win32
		{3E7B24BF-B5FD-4F9D-A530-54F0F448E527}.Release|x86.Build.0 = Release|Win32
		{5AD47E88-E7C7-4A6C-8015-C0774EBE2D4F}.Debug|x64.ActiveCfg = Debug|x64
		{5AD47E88-E7C7-4A6C-8015-C0774EBE2D4F}.Debug|x64.Build.0 = Debug|x64
		{5AD47E88-E7C7-4A6C-8015-C0774EBE2D4F}.Debug|x86.ActiveCfg = Debug|Win32
		{5AD47E88-E7C7-4A6C-8015-C0774EBE2D4F}.Debug|x86.Build.0 = Debug|Win32
		{5AD47E88-E7C7-4A6C-8015-C0774EBE2D4F}.Release|x64.ActiveCfg = Release|x64
		{5AD47E88-E7C7-4A6C-8015-C0774EBE2D4F}.Release|x64.Build.0 = Release|x64
		{5AD47E88-E7C7-4A6C-8015-C0774EBE2D4F}.Release|x86.ActiveCfg = Release|Win32
		{5AD47E88-E7C7-4A6C-8015-C0774EBE2D4F}.Release|x86.Build.0 = Release|Win32
		{09B6161D-2E58-44A1-9027-5ECE0A9C5F72}.Debug|x64.ActiveCfg = Debug|x64
		{09B6161D-2E58-44A1-9027-5ECE0A9C5F72}.Debug|x64.Build.0 = Debug|x64
		{09B6161D-2E58-44A1-9027-5ECE0A9C5F72}.Debug|x86.ActiveCfg = Debug|Win32
		{09B6161D-2E58-44A1-9027-5ECE0A9C5F72}.Debug|x86.Build.0 = Debug|Win32
		{09B6161D-2E58-44A1-9027-5ECE0A9C5F72}.Release|x64.ActiveCfg = Release|x64
		{09B6161D-2E58-44A1-9027-5ECE0A9C5F72}.Release|x64.Build.0 = Release|x64
		{09B6161D-2E58-44A1-9027-5ECE0A9C5F72}.Release|x86.ActiveCfg = Release|Win32
		{09B6161D-2E58-44A1-9027-5ECE0A9C5F72}.Release|x86.Build.0 = Release|Win32
		{0F5D2D9D-4A0B-41A8-94F4-FB1B6BE9E8F1}.Debug|x64.ActiveCfg = Debug|x64
		{0F5D2D9D-4A0B-41A8-94F4-FB1B6BE9E8F1}.Debug|x64.Build.0 = Debug|x64
		{0F5D2D9D-4A0B-41A8-94F4-FB1B6BE9E8F1}.Debug|x86.ActiveCfg = Debug|Win32
		{0F5D2D9D-4A0B-41A8-94F4-FB1B6BE9E8F1}.Debug|x86.Build.0 = Debug|Win32
		{0F5D2D9D-4A0B-41A8-94F4-FB1B6BE9E8F1}.Release|x64.ActiveCfg = Release|x64
		{0F5D2D9D-4A0B-41A8-94F4-FB1B6BE9E8F1}.Release|x64.Build.0 = Release|x64
		{0F5D2D9D-4A0B-41A8-94F4-FB1B6BE9E8F1}.Release|x86.ActiveCfg = Release|Win32
		{0F5D2D9D-4A0B-41A8-94F4-FB1B6BE9E8F1}.Release|x86.Build.0 = Release|Win32
		{66FF1711-B0E0-4975-842C-F5AEF199FEE4}.Debug|x64.ActiveCfg = Debug|x64
		{66FF1711-B0E0-4975-842C-F5AEF199FEE4}.Debug|x64.Build.0 = Debug|x64
		{66FF1711-B0E0-4975-842C-F5AEF199FEE4}.Debug|x86.ActiveCfg = Debug|Win32
		{66FF1711-B0E0-4975-842C-F5AEF199FEE4}.Debug|x86.Build.0 = Debug|Win32
		{66FF1711-B0E0-4975-842C-F5AEF199FEE4}.Release|x64.ActiveCfg = Release|x64
		{66FF1711-B0E0-4975-842C-F5AEF199FEE4}.Release|x64.Build.0 = Release|x64
		{66FF1711-B0E0-4975-842C-F5AEF199FEE4}.Release|x86.ActiveCfg = Release|Win32
		{66FF1711-B0E0-4975-842C-F5AEF199FEE4}.Release|x86.Build.0 = Release|Win32
		{2F21096C-35F0-426E-9C78-7BF76AAC7D8B}.Debug|x64.ActiveCfg = Debug|x64
		{2F21096C-35F0-426E-9C78-7BF76AAC7D8B}.Debug|x64.Build.0 = Debug|x64
		{2F21096C-35F0-426E-9C78-7BF76AAC7D8B}.Debug|x86.ActiveCfg = Debug|Win32
		{2F21096C-35F0-426E-9C78-7BF76AAC7D8B}.Debug|x86.Build.0 = Debug|Win32
		{2F21096C-35F0-426E-9C78-7BF76AAC7D8B}.Release|x64.ActiveCfg = Release|x64
		{2F21096C-35F0-426E-9C78-7BF76AAC7D8B}.Release|x64.Build.0 = Release|x64
		{2F21096C-35F0-426E-9C78-7BF76AAC7D8B}.Release|x86.ActiveCfg = Release|Win32
		{2F21096C-35F0-426E-9C78-7BF76AAC7D8B}.Release|x86.Build.0 = Release|Win32
		{42269ACC-4C0B-44BA-9D8C-E7ED0933FF34}.Debug|x64.ActiveCfg = Debug|x64
		{42269ACC-4C0B-44BA-9D8C-E7ED0933FF34}.Debug|x64.Build.0 = Debug|x64
		{42269ACC-4C0B-44BA-9D8C-E7ED0933FF34}.Debug|x86.ActiveCfg = Debug|Win32
		{42269ACC-4C0B-44BA-9D8C-E7ED0933FF34}.Debug|x86.Build.0 = Debug|Win32
		{42269ACC-4C0B-44BA-9D8C-E7ED0933FF34}.Release|x64.ActiveCfg = Release|x64
		{42269ACC-4C0B-44BA-9D8C-E7ED0933FF34}.Release|x64.Build.0 = Release|x64
		{42269ACC-4C0B-44BA-9D8C-E7ED0933FF34}.Release|x86.ActiveCfg = Release|Win32
		{42269ACC-4C0B-44BA-9D8C-E7ED0933FF34}.Release|x86.Build.0 = Release|Win32
		{7A87EF63-8B9C-4C58-9E93-AE0B44863D7A}.Debug|x64.ActiveCfg = Debug|x64
		{7A87EF63-8B9C-4C58-9E93-AE0B44863D7A}.Debug|x64.Build.0 = Debug|x64
		{7A87EF63-8B9C-4C58-9E93-AE0B44863D7A}.Debug|x86.ActiveCfg = Debug|Win32
		{7A87EF63-8B9C-4C58-9E93-AE0B44863D7A}.Debug|x86.Build.0 = Debug|Win32
		{7A87EF63-8B9C-4C58-9E93-AE0B44863D7A}.Release|x64.ActiveCfg = Release|x64
		{7A87EF63-8B9C-4C58-9E93-AE0B44863D7A}.Release|x64.Build.0 = Release|x64
		{7A87EF63-8B9C-4C58-9E93-AE0B44863D7A}.Release|x86.ActiveCfg = Release|Win32
		{7A87EF63-8B9C-4C58-9E93-AE0B44863D7A}.Release|x86.Build.0 = Release|Win32
		{0840547D-EEEA-4ECC-8515-E507B4052F23}.Debug|x64.ActiveCfg = Debug|x64
		{0840547D-EEEA-4ECC-8515-E507B4052F23}.Debug|x64.Build.0 = Debug|x64
		{0840547D-EEEA-4ECC-8515-E507B4052F23}.Debug|x86.ActiveCfg = Debug|Win32
		{0840547D-EEEA-4ECC-8515-E507B4052F23}.Debug|x86.Build.0 = Debug|Win32
		{0840547D-EEEA-4ECC-8515-E507B4052F23}.Release|x64.ActiveCfg = Release|x64
		{0840547D-EEEA-4ECC-8515-E507B4052F23}.Release|x64.Build.0 = Release|x64
		{0840547D-EEEA-4ECC-8515-E507B4052F23}.Release|x86.ActiveCfg = Release|Win32
		{0840547D-EEEA-4ECC-8515-E507B4052F23}.Release|x86.Build.0 = Release|Win32
		{6E08CC76-450A-4381-BC15-E87264847CA2}.Debug|x64.ActiveCfg = Debug|x64
		{6E08CC76-450A-4381-BC15-E87264847CA2}.Debug|x64.Build.0 = Debug|x64
		{6E08CC76-450A-4381-BC15-E87264847CA2}.Debug|x86.ActiveCfg = Debug|Win32
		{6E08CC76-450A-4381-BC15-E87264847CA2}.Debug|x86.Build.0 = Debug|Win32
		{6E08CC76-450A-4381-BC15-E87264847CA2}.Release|x64.ActiveCfg = Release|x64
		{6E08CC76-450A-4381-BC15-E87264847CA2}.Release|x64.Build.0 = Release|x64
		{6E08CC76-450A-4381-BC15-E87264847CA2}.Release|x86.ActiveCfg = Release|Win32
		{6E08CC76-450A-4381-BC15-E87264847CA2}.Release|x86.Build.0 = Release|Win32
		{6C6CE54A-2B58-4BF8-83F9-4F4A0D966906}.Debug|x64.ActiveCfg = Debug|x64
		{6C6CE54A-2B58-4BF8-83F9-4F4A0D966906}.Debug|x64.Build.0 = Debug|x64
		{6C6CE54A-2B58-4BF8-83F9-4F4A0D966906}.Debug|x86.ActiveCfg = Debug|Win32
		{6C6CE54A-2B58-4BF8-83F9-4F4A0D966906}.Debug|x86.Build.0 = Debug|Win32
		{6C6CE54A-2B58-4BF8-83F9-4F4A0D966906}.Release|x64.ActiveCfg = Release|x64
		{6C6CE54A-2B58-4BF8-83F9-4F4A0D966906}.Release|x64.Build.0 = Release|x64
		{6C6CE54A-2B58-4BF8-83F9-4F4A0D966906}.Release|x86.ActiveCfg = Release|Win32
		{6C6CE54A-2B58-4BF8-83F9-4F4A0D966906}.Release|x86.Build.0 = Release|Win32
		{2EDC1057-F415-48A9-AAC8-347BB571E2B3}.Debug|x64.ActiveCfg = Debug|x64
		{2EDC1057-F415-48A9-AAC8-347BB571E2B3}.Debug|x64.Build.0 = Debug|x64
		{2EDC1057-F415-48A9-AAC8-347BB571E2B3}.Debug|x86.ActiveCfg = Debug|Win32
		{2EDC1057-F415-48A9-AAC8-347BB571E2B3}.Debug|x86.Build.0 = Debug|Win32
		{2EDC1057-F415-48A9-AAC8-347BB571E2B3}.Release|x64.ActiveCfg = Release|x64
		{2EDC1057-F415-48A9-AAC8-347BB571E2B3}.Release|x64.Build.0 = Release|x64
		{2EDC1057-F415-48A9-AAC8-347BB571E2B3}.Release|x86.ActiveCfg = Release|Win32
		{2EDC1057-F415-48A9-AAC8-347BB571E2B3}.Release|x86.Build.0 = Release|Win32
		{C168B586-CB85-4756-9424-FE36AA338FB9}.Debug|x64.ActiveCfg = Debug|x64
		{C168B586-CB85-4756-9424-FE36AA338FB9}.Debug|x64.Build.0 = Debug|x64
		{C168B586-CB85-4756-9424-FE36AA338FB9}.Debug|x86.ActiveCfg = Debug|Win32
		{C168B586-CB85-4756-9424-FE36AA338FB9}.Debug|x86.Build.0 = Debug|Win32
		{C168B586-CB85-4756-9424-FE36AA338FB9}.Release|x64.ActiveCfg = Release|x64
		{C168B586-CB85-4756-9424-FE36AA338FB9}.Release|x64.Build.0 = Release|x64
		{C168B586-CB85-4756-9424-FE36AA338FB9}.Release|x86.ActiveCfg = Release|Win32
		{C168B586-CB85-4756-9424-FE36AA338FB9}.Release|x86.Build.0 = Release|Win32
		{B838B81B-1180-4AF4-A81A-8F067C1C7A8E}.Debug|x64.ActiveCfg = Debug|x64
		{B838B81B-1180-4AF4-A81A-8F067C1C7A8E}.Debug|x64.Build.0 = Debug|x64
		{B838B81B-1180-4AF4-A81A-8F067C1C7A8E}.Debug|x86.ActiveCfg = Debug|Win32
		{B838B81B-1180-4AF4-A81A-8F067C1C7A8E}.Debug|x86.Build.0 = Debug|Win32
		{B838B81B-1180-4AF4-A81A-8F067C1C7A8E}.Release|x64.ActiveCfg = Release|x64
		{B838B81B-1180-4AF4-A81A-8F067C1C7A8E}.Release|x64.Build.0 = Release|x64
		{B838B81B-1180-4AF4-A81A-8F067C1C7A8E}.Release|x86.ActiveCfg = Release|Win32
		{B838B81B-1180-4AF4-A81A-8F067C1C7A8E}.Release|x86.Build.0 = Release|Win32
		{C84A2140-C155-49F1-92B4-E19103C2CF98}.Debug|x64.ActiveCfg = Debug|x64
		{C84A2140-C155-49F1-92B4-E19103C2CF98}.Debug|x64.Build.0 = Debug|x64
		{C84A2140-C155-49F1-92B4-E19103C2CF98}.Debug|x86.ActiveCfg = Debug|Win32
		{C84A2140-C155-49F1-92B4-E19103C2CF98}.Debug|x86.Build.0 = Debug|Win32
		{C84A2140-C155-49F1-92B4-E19103C2CF98}.Release|x64.ActiveCfg = Release|x64
		{C84A2140-C155-49F1-92B4-E19103C2CF98}.Release|x64.Build.0 = Release|x64
		{C84A2140-C155-49F1-92B4-E19103C2CF98}.Release|x86.ActiveCfg = Release|Win32
		{C84A2140-C155-49F1-92B4-E19103C2CF98}.Release|x86.Build.0 = Release|Win32
		{E6A39EEC-8B0F-4684-B0A3-804E0B29F7C4}.Debug|x64.ActiveCfg = Debug|x64
		{E6A39EEC-8B0F-4684-B0A3-804E0B29F7C4}.Debug|x64.Build.0 = Debug|x64
		{E6A39EEC-8B0F-4684-B0A3-804E0B29F7C4}.Debug|x86.ActiveCfg = Debug|Win32
		{E6A39EEC-8B0F-4684-B0A3-804E0B29F7C4}.Debug|x86.Build.0 = Debug|Win32
		{E6A39EEC-8B0F-4684-B0A3-804E0B29F7C4}.Release|x64.ActiveCfg = Release|x64
		{E6A39EEC-8B0F-4684-B0A3-804E0B29F7C4}.Release|x64.Build.0 = Release|x64
		{E6A39EEC-8B0F-4684-B0A3-804E0B29F7C4}.Release|x86.ActiveCfg = Release|Win32
		{E6A39EEC-8B0F-4684-B0A3-804E0B29F7C4}.Release|x86.Build.0 = Release|Win32
		{26EA1DAC-2E21-48C0-B7AB-DD808AC92F17}.Debug|x64.ActiveCfg = Debug|x64
		{26EA1DAC-2E21-48C0-B7AB-DD808AC92F17}.Debug|x64.Build.0 = Debug|x64
		{26EA1DAC-2E21-48C0-B7AB-DD808AC92F17}.Debug|x86.ActiveCfg = Debug|Win32
		{26EA1DAC-2E21-48C0-B7AB-DD808AC92F17}.Debug|x86.Build.0 = Debug|Win32
		{26EA1DAC-2E21-48C0-B7AB-DD808AC92F17}.Release|x64.ActiveCfg = Release|x64
		{26EA1DAC-2E21-48C0-B7AB-DD808AC92F17}.Release|x64.Build.0 = Release|x64
		{26EA1DAC-2E21-48C0-B7AB-DD808AC92F17}.Release|x86.ActiveCfg = Release|Win32
		{26EA1DAC-2E21-48C0-B7AB-DD808AC92F17}.Release|x86.Build.0 = Release|Win32
		{17771D8E-ABD5-46FC-8192-1F3F426F8240}.Debug|x64.ActiveCfg = Debug|x64
		{17771D8E-ABD5-46FC-8192-1F3F426F8240}.Debug|x64.Build.0 = Debug|x64
		{17771D8E-ABD5-46FC-8192-1F3F426F8240}.Debug|x86.ActiveCfg = Debug|Win32
		{17771D8E-ABD5-46FC-8192-1F3F426F8240}.Debug|x86.Build.0 = Debug|Win32
		{17771D8E-ABD5-46FC-8192-1F3F426F8240}.Release|x64.ActiveCfg = Release|x64
		{17771D8E-ABD5-46FC-8192-1F3F426F8240}.Release|x64.Build.0 = Release|x64
		{17771D8E-ABD5-46FC-8192-1F3F426F8240}.Release|x86.ActiveCfg = Release|Win32
		{17771D8E-ABD5-46FC-8192-1F3F426F8240}.Release|x86.Build.0 = Release|Win32
		{7371DDC6-D8F8-4932-A78D-6D132C2E206F}.Debug|x64.ActiveCfg = Debug|x64
		{7371DDC6-D8F8-4932-A78D-6D132C2E206F}.Debug|x64.Build.0 = Debug|x64
		{7371DDC6-D8F8-4932-A78D-6D132C2E206F}.Debug|x86.ActiveCfg = Debug|Win32
		{7371DDC6-D8F8-4932-A78D-6D132C2E206F}.Debug|x86.Build.0 = Debug|Win32
		{7371DDC6-D8F8-4932-A78D-6D132C2E206F}.Release|x64.ActiveCfg = Release|x64
		{7371DDC6-D8F8-4932-A78D-6D132C2E206F}.Release|x64.Build.0 = Release|x64
		{7371DDC6-D8F8-4932-A78D-6D132C2E206F}.Release|x86.ActiveCfg = Release|Win32
		{7371DDC6-D8F8-4932-A78D-6D132C2E206F}.Release|x86.Build.0 = Release|Win32
		{6F48DB01-E4E9-45F8-B806-4977927E86A1}.Debug|x64.ActiveCfg = Debug|x64
		{6F48DB01-E4E9-45F8-B806-4977927E86A1}.Debug|x64.Build.0 = Debug|x64
		{6F48DB01-E4E9-45F8-B806-4977927E86A1}.Debug|x86.ActiveCfg = Debug|Win32
		{6F48DB01-E4E9-45F8-B806-4977927E86A1}.Debug|x86.Build.0 = Debug|Win32
		{6F48DB01-E4E9-45F8-B806-4977927E86A1}.Release|x64.ActiveCfg = Release|x64
		{6F48DB01-E4E9-45F8-B806-4977927E86A1}.Release|x64.Build.0 = Release|x64
		{6F48DB01-E4E9-45F8-B806-4977927E86A1}.Release|x86.ActiveCfg = Release|Win32
		{6F48DB01-E4E9-45F8-B806-4977927E86A1}.Release|x86.Build.0 = Release|Win32
		{3CD8D4AD-6073-4B53-A58C-3E165402F4A7}.Debug|x64.ActiveCfg = Debug|x64
		{3CD8D4AD-6073-4B53-A58C-3E165402F4A7}.Debug|x64.Build.0 = Debug|x64
		{3CD8D4AD-6073-4B53-A58C-3E165402F4A7}.Debug|x86.ActiveCfg = Debug|Win32
		{3CD8D4AD-6073-4B53-A58C-3E165402F4A7}.Debug|x86.Build.0 = Debug|Win32
		{3CD8D4AD-6073-4B53-A58C-3E165402F4A7}.Release|x64.ActiveCfg = Release|x64
		{3CD8D4AD-6073-4B53-A58C-3E165402F4A7}.Release|x64.Build.0 = Release|x64
		{3CD8D4AD-6073-4B53-A58C-3E165402F4A7}.Release|x86.ActiveCfg = Release|Win32
		{3CD8D4AD-6073-4B53-A58C-3E165402F4A7}.Release|x86.Build.0 = Release|Win32
		{CD3F662A-58EF-4DE5-BE75-3298A663DEF2}.Debug|x64.ActiveCfg = Debug|x64
		{CD3F662A-58EF-4DE5-BE75-3298A663DEF2}.Debug|x64.Build.0 = Debug|x64
		{CD3F662A-58EF-4DE5-BE75-3298A663DEF2}.Debug|x86.ActiveCfg = Debug|Win32
		{CD3F662A-58EF-4DE5-BE75-3298A663DEF2}.Debug|x86.Build.0 = Debug|Win32
		{CD3F662A-58EF-4DE5-BE75-3298A663DEF2}.Release|x64.ActiveCfg = Release|x64
		{CD3F662A-58EF-4DE5-BE75-3298A663DEF2}.Release|x64.Build.0 = Release|x64
		{CD3F662A-58EF-4DE5-BE75-3298A663DEF2}.Release|x86.ActiveCfg = Release|Win32
		{CD3F662A-58EF-4DE5-BE75-3298A663DEF2}.Release|x86.Build.0 = Release|Win32
		{BB394A00-C005-4311-8A81-65A5407D25C7}.Debug|x64.ActiveCfg = Debug|x64
		{BB394A00-C005-4311-8A81-65A5407D25C7}.Debug|x64.Build.0 = Debug|x64
		{BB394A00-C005-4311-8A81-65A5407D25C7}.Debug|x86.ActiveCfg = Debug|Win32
		{BB394A00-C005-4311-8A81-65A5407D25C7}.Debug|x86.Build.0 = Debug|Win32
		{BB394A00-C005-4311-8A81-65A5407D25C7}.Release|x64.ActiveCfg = Release|x64
		{BB394A00-C005-4311-8A81-65A5407D25C7}.Release|x64.Build.0 = Release|x64
		{BB394A00-C005-4311-8A81-65A5407D25C7}.Release|x86.ActiveCfg = Release|Win32
		{BB394A00-C005-4311-8A81-65A5407D25C7}.Release|x86.Build.0 = Release|Win32
		{D92AE10A-3942-4A0C-99DE-C79B0A627BBE}.Debug|x64.ActiveCfg = Debug|x64
		{D92AE10A-3942-4A0C-99DE-C79B0A627BBE}.Debug|x64.Build.0 = Debug|x64
		{D92AE10A-3942-4A0C-99DE-C79B0A627BBE}.Debug|x86.ActiveCfg = Debug|Win32
		{D92AE10A-3942-4A0C-99DE-C79B0A627BBE}.Debug|x86.Build.0 = Debug|Win32
		{D92AE10A-3942-4A0C-99DE-C79B0A627BBE}.Release|x64.ActiveCfg = Release|x64
		{D92AE10A-3942-4A0C-99DE-C79B0A627BBE}.Release|x64.Build.0 = Release|x64
		{D92AE10A-3942-4A0C-99DE-C79B0A627BBE}.Release|x86.ActiveCfg = Release|Win32
		{D92AE10A-3942-4A0C-99DE-C79B0A627BBE}.Release|x86.Build.0 = Release|Win32
		{D11C52E6-4601-4BFA-9B2E-BAA1CE5F6858}.Debug|x64.ActiveCfg = Debug|x64
		{D11C52E6-4601-4BFA-9B2E-BAA1CE5F6858}.Debug|x64.Build.0 = Debug|x64
		{D11C52E6-4601-4BFA-9B2E-BAA1CE5F6858}.Debug|x86.ActiveCfg = Debug|Win32
		{D11C52E6-4601-4BFA-9B2E-BAA1CE5F6858}.Debug|x86.Build.0 = Debug|Win32
		{D11C52E6-4601-4BFA-9B2E-BAA1CE5F6858}.Release|x64.ActiveCfg = Release|x64
		{D11C52E6-4601-4BFA-9B2E-BAA1CE5F6858}.Release|x64.Build.0 = Release|x64
		{D11C52E6-4601-4BFA-9B2E-BAA1CE5F6858}.Release|x86.ActiveCfg = Release|Win32
		{D11C52E6-4601-4BFA-9B2E-BAA1CE5F6858}.Release|x86.Build.0 = Release|Win32
		{7B311F45-5C71-4494-AD13-2805863199BB}.Debug|x64.ActiveCfg = Debug|x64
		{7B311F45-5C71-4494-AD13-2805863199BB}.Debug|x64.Build.0 = Debug|x64
		{7B311F45-5C71-4494-AD13-2805863199BB}.Debug|x86.ActiveCfg = Debug|Win32
		{7B311F45-5C71-4494-AD13-2805863199BB}.Debug|x86.Build.0 = Debug|Win32
		{7B311F45-5C71-4494-AD13-2805863199BB}.Release|x64.ActiveCfg = Release|x64
		{7B311F45-5C71-4494-AD13-2805863199BB}.Release|x64.Build.0 = Release|x64
		{7B311F45-5C71-4494-AD13-2805863199BB}.Release|x86.ActiveCfg = Release|Win32
		{7B311F45-5C71-4494-AD13-2805863199BB}.Release|x86.Build.0 = Release|Win32
		{7F2ED5D6-434B-4A81-84DA-CA5CAF7038A6}.Debug|x64.ActiveCfg = Debug|x64
		{7F2ED5D6-434B-4A81-84DA-CA5CAF7038A6}.Debug|x64.Build.0 = Debug|x64
		{7F2ED5D6-434B-4A81-84DA-CA5CAF7038A6}.Debug|x86.ActiveCfg = Debug|Win32
		{7F2ED5D6-434B-4A81-84DA-CA5CAF7038A6}.Debug|x86.Build.0 = Debug|Win32
		{7F2ED5D6-434B-4A81-84DA-CA5CAF7038A6}.Release|x64.ActiveCfg = Release|x64
		{7F2ED5D6-434B-4A81-84DA-CA5CAF7038A6}.Release|x64.Build.0 = Release|x64
		{7F2ED5D6-434B-4A81-84DA-CA5CAF7038A6}.Release|x86.ActiveCfg = Release|Win32
		{7F2ED5D6-434B-4A81-84DA-CA5CAF7038A6}.Release|x86.Build.0 = Release|Win32
		{D1EC0CBD-5C8A-4AE2-92F1-CD969768921E}.Debug|x64.ActiveCfg = Debug|x64
		{D1EC0CBD-5C8A-4AE2-92F1-CD969768921E}.Debug|x64.Build.0 = Debug|x64
		{D1EC0CBD-5C8A-4AE2-92F1-CD969768921E}.Debug|x86.ActiveCfg = Debug|Win32
		{D1EC0CBD-5C8A-4AE2-92F1-CD969768921E}.Debug|x86.Build.0 = Debug|Win32
		{D1EC0CBD-5C8A-4AE2-92F1-CD969768921E}.Release|x64.ActiveCfg = Release|x64
		{D1EC0CBD-5C8A-4AE2-92F1-CD969768921E}.Release|x64.Build.0 = Release|x64
		{D1EC0CBD-5C8A-4AE2-92F1-CD969768921E}.Release|x86.ActiveCfg = Release|Win32
		{D1EC0CBD-5C8A-4AE2-92F1-CD969768921E}.Release|x86.Build.0 = Release|Win32
		{089F4076-5788-46DD-972C-FFCF2A8C359E}.Debug|x64.ActiveCfg = Debug|x64
		{089F4076-5788-46DD-972C-FFCF2A8C359E}.Debug|x64.Build.0 = Debug|x64
		{089F4076-5788-46DD-972C-FFCF2A8C359E}.Debug|x86.ActiveCfg = Debug|Win32
		{089F4076-5788-46DD-972C-FFCF2A8C359E}.Debug|x86.Build.0 = Debug|Win32
		{089F4076-5788-46DD-972C-FFCF2A8C359E}.Release|x64.ActiveCfg = Release|x64
		{089F4076-5788-46DD-972C-FFCF2A8C359E}.Release|x64.Build.0 = Release|x64
		{089F4076-5788-46DD-972C-FFCF2A8C359E}.Release|x86.ActiveCfg = Release|Win32
		{089F4076-5788-46DD-972C-FFCF2A8C359E}.Release|x86.Build.0 = Release|Win32
		{3201829B-2E0A-4A18-B6C3-9AF10054B2F7}.Debug|x64.ActiveCfg = Debug|x64
		{3201829B-2E0A-4A18-B6C3-9AF10054B2F7}.Debug|x64.Build.0 = Debug|x64
		{3201829B-2E0A-4A18-B6C3-9AF10054B2F7}.Debug|x86.ActiveCfg = Debug|Win32
		{3201829B-2E0A-4A18-B6C3-9AF10054B2F7}.Debug|x86.Build.0 = Debug|Win32
		{3201829B-2E0A-4A18-B6C3-9AF10054B2F7}.Release|x64.ActiveCfg = Release|x64
		{3201829B-2E0A-4A18-B6C3-9AF10054B2F7}.Release|x64.Build.0 = Release|x64
		{3201829B-2E0A-4A18-B6C3-9AF10054B2F7}.Release|x86.ActiveCfg = Release|Win32
		{3201829B-2E0A-4A18-B6C3-9AF10054B2F7}.Release|x86.Build.0 = Release|Win32
		{0AC2F861-4FF3-4B04-99D2-E6436F14AC03}.Debug|x64.ActiveCfg = Debug|x64
		{0AC2F861-4FF3-4B04-99D2-E6436F14AC03}.Debug|x64.Build.0 = Debug|x64
		{0AC2F861-4FF3-4B04-99D2-E6436F14AC03}.Debug|x86.ActiveCfg = Debug|Win32
		{0AC2F861-4FF3-4B04-99D2-E6436F14AC03}.Debug|x86.Build.0 = Debug|Win32
		{0AC2F861-4FF3-4B04-99D2-E6436F14AC03}.Release|x64.ActiveCfg = Release|x64
		{0AC2F861-4FF3-4B04-99D2-E6436F14AC03}.Release|x64.Build.0 = Release|x64
		{0AC2F861-4FF3-4B04-99D2-E6436F14AC03}.Release|x86.ActiveCfg = Release|Win32
		{0AC2F861-4FF3-4B04-99D2-E6436F14AC03}.Release|x86.Build.0 = Release|Win32
		{B9EF29EB-0AC4-4961-A12B-85F7496EC2E3}.Debug|x64.ActiveCfg = Debug|x64
		{B9EF29EB-0AC4-4961-A12B-85F7496EC2E3}.Debug|x64.Build.0 = Debug|x64
		{B9EF29EB-0AC4-4961-A12B-85F7496EC2E3}.Debug|x86.ActiveCfg = Debug|Win32
		{B9EF29EB-0AC4-4961-A12B-85F7496EC2E3}.Debug|x86.Build.0 = Debug|Win32
		{B9EF29EB-0AC4-4961-A12B-85F7496EC2E3}.Release|x64.ActiveCfg = Release|x64
		{B9EF29EB-0AC4-4961-A12B-85F7496EC2E3}.Release|x64.Build.0 = Release|x64
		{B9EF29EB-0AC4-4961-A12B-85F7496EC2E3}.Release|x86.ActiveCfg = Release|Win32
		{B9EF29EB-0AC4-4961-A12B-85F7496EC2E3}.Release|x86.Build.0 = Release|Win32
		{272D0ABA-B515-47A7-A560-E4596E711819}.Debug|x64.ActiveCfg = Debug|x64
		{272D0ABA-B515-47A7-A560-E4596E711819}.Debug|x64.Build.0 = Debug|x64
		{272D0ABA-B515-47A7-A560-E4596E711819}.Debug|x86.ActiveCfg = Debug|Win32
		{272D0ABA-B515-47A7-A560-E4596E711819}.Debug|x86.Build.0 = Debug|Win32
		{272D0ABA-B515-47A7-A560-E4596E711819}.Release|x64.ActiveCfg = Release|x64
		{272D0ABA-B515-47A7-A560-E4596E711819}.Release|x64.Build.0 = Release|x64
		{272D0ABA-B515-47A7-A560-E4596E711819}.Release|x86.ActiveCfg = Release|Win32
		{272D0ABA-B515-47A7-A560-E4596E711819}.Release|x86.Build.0 = Release|Win32
		{052C1D75-7B98-441D-860C-8BF391629E49}.Debug|x64.ActiveCfg = Debug|x64
		{052C1D75-7B98-441D-860C-8BF391629E49}.Debug|x64.Build.0 = Debug|x64
		{052C1D75-7B98-441D-860C-8BF391629E49}.Debug|x86.ActiveCfg = Debug|Win32
		{052C1D75-7B98-441D-860C-8BF391629E49}.Debug|x86.Build.0 = Debug|Win32
		{052C1D75-7B98-441D-860C-8BF391629E49}.Release|x64.ActiveCfg = Release|x64
		{052C1D75-7B98-441D-860C-8BF391629E49}.Release|x64.Build.0 = Release|x64
		{052C1D75-7B98-441D-860C-8BF391629E49}.Release|x86.ActiveCfg = Release|Win32
		{052C1D75-7B98-441D-860C-8BF391629E49}.Release|x86.Build.0 = Release|Win32
		{9AF57B13-B296-480C-8F97-D607529F2492}.Debug|x64.ActiveCfg = Debug|x64
		{9AF57B13-B296-480C-8F97-D607529F2492}.Debug|x64.Build.0 = Debug|x64
		{9AF57B13-B296-480C-8F97-D607529F2492}.Debug|x86.ActiveCfg = Debug|Win32
		{9AF57B13-B296-480C-8F97-D607529F2492}.Debug|x86.Build.0 = Debug|Win32
		{9AF57B13-B296-480C-8F97-D607529F2492}.Release|x64.ActiveCfg = Release|x64
		{9AF57B13-B296-480C-8F97-D607529F2492}.Release|x64.Build.0 = Release|x64
		{9AF57B13-B296-480C-8F97-D607529F2492}.Release|x86.ActiveCfg = Release|Win32
		{9AF57B13-B296-480C-8F97-D607529F2492}.Release|x86.Build.0 = Release|Win32
		{A11714B9-097C-4779-99FA-CDCCB79A9038}.Debug|x64.ActiveCfg = Debug|x64
		{A11714B9-097C-4779-99FA-CDCCB79A9038}.Debug|x64.Build.0 = Debug|x64
		{A11714B9-097C-4779-99FA-CDCCB79A9038}.Debug|x86.ActiveCfg = Debug|Win32
		{A11714B9-097C-4779-99FA-CDCCB79A9038}.Debug|x86.Build.0 = Debug|Win32
		{A11714B9-097C-4779-99FA-CDCCB79A9038}.Release|x64.ActiveCfg = Release|x64
		{A11714B9-097C-4779-99FA-CDCCB79A9038}.Release|x64.Build.0 = Release|x64
		{A11714B9-097C-4779-99FA-CDCCB79A9038}.Release|x86.ActiveCfg = Release|Win32
		{A11714B9-097C-4779-99FA-CDCCB79A9038}.Release|x86.Build.0 = Release|Win32
		{89F848F9-5C0E-4573-A2B8-9D72179D1058}.Debug|x64.ActiveCfg = Debug|x64
		{89F848F9-5C0E-4573-A2B8-9D72179D1058}.Debug|x64.Build.0 = Debug|x64
		{89F848F9-5C0E-4573-A2B8-9D72179D1058}.Debug|x86.ActiveCfg = Debug|Win32
		{89F848F9-5C0E-4573-A2B8-9D72179D1058}.Debug|x86.Build.0 = Debug|Win32
		{89F848F9-5C0E-4573-A2B8-9D72179D1058}.Release|x64.ActiveCfg = Release|x64
		{89F848F9-5C0E-4573-A2B8-9D72179D1058}.Release|x64.Build.0 = Release|x64
		{89F848F9-5C0E-4573-A2B8-9D72179D1058}.Release|x86.ActiveCfg = Release|Win32
		{89F848F9-5C0E-4573-A2B8-9D72179D1058}.Release|x86.Build.0 = Release|Win32
		{6BAD48E1-3433-43C3-86DB-C44058B5333C}.Debug|x64.ActiveCfg = Debug|x64
		{6BAD48E1-3433-43C3-86DB-C44058B5333C}.Debug|x64.Build.0 = Debug|x64
		{6BAD48E1-3433-43C3-86DB-C44058B5333C}.Debug|x86.ActiveCfg = Debug|Win32
		{6BAD48E1-3433-43C3-86DB-C44058B5333C}.Debug|x86.Build.0 = Debug|Win32
		{6BAD48E1-3433-43C3-86DB-C44058B5333C}.Release|x64.ActiveCfg = Release|x64
		{6BAD48E1-3433-43C3-86DB-C44058B5333C}.Release|x64.Build.0 = Release|x64
		{6BAD48E1-3433-43C3-86DB-C44058B5333C}.Release|x86.ActiveCfg = Release|Win32
		{6BAD48E1-3433-43C3-86DB-C44058B5333C}.Release|x86.Build.0 = Release|Win32
		{77CC36BE-AD64-4AD3-95C6-0F352F6A3FE3}.Debug|x64.ActiveCfg = Debug|x64
		{77CC36BE-AD64-4AD3-95C6-0F352F6A3FE3}.Debug|x64.Build.0 = Debug|x64
		{77CC36BE-AD64-4AD3-95C6-0F352F6A3FE3}.Debug|x86.ActiveCfg = Debug|Win32
		{77CC36BE-AD64-4AD3-95C6-0F352F6A3FE3}.Debug|x86.Build.0 = Debug|Win32
		{77CC36BE-AD64-4AD3-95C6-0F352F6A3FE3}.Release|x64.ActiveCfg = Release|x64
		{77CC36BE-AD64-4AD3-95C6-0F352F6A3FE3}.Release|x64.Build.0 = Release|x64
		{77CC36BE-AD64-4AD3-95C6-0F352F6A3FE3}.Release|x86.ActiveCfg = Release|Win32
		{77CC36BE-AD64-4AD3-95C6-0F352F6A3FE3}.Release|x86.Build.0 = Release|Win32
		{6DC10ED1-BCB3-4EDD-A9B3-5736EFF641FF}.Debug|x64.ActiveCfg = Debug|x64
		{6DC10ED1-BCB3-4EDD-A9B3-5736EFF641FF}.Debug|x64.Build.0 = Debug|x64
		{6DC10ED1-BCB3-4EDD-A9B3-5736EFF641FF}.Debug|x86.ActiveCfg = Debug|Win32
		{6DC10ED1-BCB3-4EDD-A9B3-5736EFF641FF}.Debug|x86.Build.0 = Debug|Win32
		{6DC10ED1-BCB3-4EDD-A9B3-5736EFF641FF}.Release|x64.ActiveCfg = Release|x64
		{6DC10ED1-BCB3-4EDD-A9B3-5736EFF641FF}.Release|x64.Build.0 = Release|x64
		{6DC10ED1-BCB3-4EDD-A9B3-5736EFF641FF}.Release|x86.ActiveCfg = Release|Win32
		{6DC10ED1-BCB3-4EDD-A9B3-5736EFF641FF}.Release|x86.Build.0 = Release|Win32
	EndGlobalSection
	GlobalSection(SolutionProperties) = preSolution
		HideSolutionNode = FALSE
	EndGlobalSection
	GlobalSection(NestedProjects) = preSolution
		{5B0D9911-39E2-4980-98D8-8190E2EAFDA0} = {D5EBBA98-804C-4BCE-970F-09317CD2E609}
		{7F707098-BA26-4E9B-90AC-B086A1471F26} = {D5EBBA98-804C-4BCE-970F-09317CD2E609}
		{29EED3B7-8627-49AB-A16B-7718019EADBC} = {D5EBBA98-804C-4BCE-970F-09317CD2E609}
		{3ADCB2D2-9CB1-4CC8-AF19-97F74E272DC8} = {D5EBBA98-804C-4BCE-970F-09317CD2E609}
		{6DD230DA-4F0A-4B6C-B9E1-41E32AD17488} = {D5EBBA98-804C-4BCE-970F-09317CD2E609}
		{EDDEDB6A-EDB3-41E9-ADDC-0DCA8A01A8BA} = {D5EBBA98-804C-4BCE-970F-09317CD2E609}
		{D3114B9D-C41E-402E-9A60-63CAB60FB061} = {D5EBBA98-804C-4BCE-970F-09317CD2E609}
		{76B55457-07CF-43BD-B409-0080AF7318D2} = {D5EBBA98-804C-4BCE-970F-09317CD2E609}
		{A8B38763-F93A-4715-81F4-CC31E9AEA4A0} = {D5EBBA98-804C-4BCE-970F-09317CD2E609}
		{C25830E5-D5C6-46AC-B84D-A45C1AAC041C} = {68E1B0EB-3487-4FAE-838E-EA7DC634963F}
		{86C61852-DD50-4242-BC3C-29B0A77D8158} = {68E1B0EB-3487-4FAE-838E-EA7DC634963F}
		{7A5FC55A-F8EF-46A0-AFE8-A8977A5BC79C} = {D5EBBA98-804C-4BCE-970F-09317CD2E609}
		{62766980-BCB8-4135-A08D-A960E3F0BB37} = {D5EBBA98-804C-4BCE-970F-09317CD2E609}
		{4E65FC96-F533-4F7B-97AE-85F092EF7468} = {3A496B5D-4188-43FC-883A-A36C5408DAF0}
		{68E1B0EB-3487-4FAE-838E-EA7DC634963F} = {6A6F7F77-018F-42EF-948A-2C04F3A2CE5D}
		{56FBFF47-9992-4FE0-BCCA-53B24EA3F1A9} = {6A6F7F77-018F-42EF-948A-2C04F3A2CE5D}
		{3E7B24BF-B5FD-4F9D-A530-54F0F448E527} = {56FBFF47-9992-4FE0-BCCA-53B24EA3F1A9}
		{5AD47E88-E7C7-4A6C-8015-C0774EBE2D4F} = {56FBFF47-9992-4FE0-BCCA-53B24EA3F1A9}
		{09B6161D-2E58-44A1-9027-5ECE0A9C5F72} = {3D2CC93E-5C45-422F-AE02-1588936AF0A1}
		{0F5D2D9D-4A0B-41A8-94F4-FB1B6BE9E8F1} = {D5EBBA98-804C-4BCE-970F-09317CD2E609}
		{66FF1711-B0E0-4975-842C-F5AEF199FEE4} = {68E1B0EB-3487-4FAE-838E-EA7DC634963F}
		{2F21096C-35F0-426E-9C78-7BF76AAC7D8B} = {D5EBBA98-804C-4BCE-970F-09317CD2E609}
		{D21683C0-F318-4969-AE4F-8D5E9C8CF046} = {6A6F7F77-018F-42EF-948A-2C04F3A2CE5D}
		{42269ACC-4C0B-44BA-9D8C-E7ED0933FF34} = {D21683C0-F318-4969-AE4F-8D5E9C8CF046}
		{7A87EF63-8B9C-4C58-9E93-AE0B44863D7A} = {D21683C0-F318-4969-AE4F-8D5E9C8CF046}
		{0840547D-EEEA-4ECC-8515-E507B4052F23} = {D5EBBA98-804C-4BCE-970F-09317CD2E609}
		{6E08CC76-450A-4381-BC15-E87264847CA2} = {7562C59E-925D-4A50-9239-384F3C7CFFD7}
		{6C6CE54A-2B58-4BF8-83F9-4F4A0D966906} = {D5EBBA98-804C-4BCE-970F-09317CD2E609}
		{2EDC1057-F415-48A9-AAC8-347BB571E2B3} = {D5EBBA98-804C-4BCE-970F-09317CD2E609}
		{C168B586-CB85-4756-9424-FE36AA338FB9} = {D5EBBA98-804C-4BCE-970F-09317CD2E609}
		{B838B81B-1180-4AF4-A81A-8F067C1C7A8E} = {D5EBBA98-804C-4BCE-970F-09317CD2E609}
		{C84A2140-C155-49F1-92B4-E19103C2CF98} = {D5EBBA98-804C-4BCE-970F-09317CD2E609}
		{E6A39EEC-8B0F-4684-B0A3-804E0B29F7C4} = {D5EBBA98-804C-4BCE-970F-09317CD2E609}
		{26EA1DAC-2E21-48C0-B7AB-DD808AC92F17} = {D5EBBA98-804C-4BCE-970F-09317CD2E609}
		{17771D8E-ABD5-46FC-8192-1F3F426F8240} = {D5EBBA98-804C-4BCE-970F-09317CD2E609}
		{7371DDC6-D8F8-4932-A78D-6D132C2E206F} = {D5EBBA98-804C-4BCE-970F-09317CD2E609}
		{6F48DB01-E4E9-45F8-B806-4977927E86A1} = {D5EBBA98-804C-4BCE-970F-09317CD2E609}
		{3CD8D4AD-6073-4B53-A58C-3E165402F4A7} = {D5EBBA98-804C-4BCE-970F-09317CD2E609}
		{CD3F662A-58EF-4DE5-BE75-3298A663DEF2} = {EE65B2BC-F2F4-4665-8E63-BA8364708F67}
		{BB394A00-C005-4311-8A81-65A5407D25C7} = {790467AD-DA18-461B-BF5E-E309FE93517C}
		{D92AE10A-3942-4A0C-99DE-C79B0A627BBE} = {790467AD-DA18-461B-BF5E-E309FE93517C}
		{D11C52E6-4601-4BFA-9B2E-BAA1CE5F6858} = {D5EBBA98-804C-4BCE-970F-09317CD2E609}
		{7B311F45-5C71-4494-AD13-2805863199BB} = {D5EBBA98-804C-4BCE-970F-09317CD2E609}
		{7F2ED5D6-434B-4A81-84DA-CA5CAF7038A6} = {D5EBBA98-804C-4BCE-970F-09317CD2E609}
		{D1EC0CBD-5C8A-4AE2-92F1-CD969768921E} = {D5EBBA98-804C-4BCE-970F-09317CD2E609}
		{089F4076-5788-46DD-972C-FFCF2A8C359E} = {D5EBBA98-804C-4BCE-970F-09317CD2E609}
		{3201829B-2E0A-4A18-B6C3-9AF10054B2F7} = {D5EBBA98-804C-4BCE-970F-09317CD2E609}
		{0AC2F861-4FF3-4B04-99D2-E6436F14AC03} = {D5EBBA98-804C-4BCE-970F-09317CD2E609}
		{B9EF29EB-0AC4-4961-A12B-85F7496EC2E3} = {D5EBBA98-804C-4BCE-970F-09317CD2E609}
		{272D0ABA-B515-47A7-A560-E4596E711819} = {D5EBBA98-804C-4BCE-970F-09317CD2E609}
		{052C1D75-7B98-441D-860C-8BF391629E49} = {D5EBBA98-804C-4BCE-970F-09317CD2E609}
		{9AF57B13-B296-480C-8F97-D607529F2492} = {D5EBBA98-804C-4BCE-970F-09317CD2E609}
		{A11714B9-097C-4779-99FA-CDCCB79A9038} = {D5EBBA98-804C-4BCE-970F-09317CD2E609}
		{89F848F9-5C0E-4573-A2B8-9D72179D1058} = {D5EBBA98-804C-4BCE-970F-09317CD2E609}
		{6BAD48E1-3433-43C3-86DB-C44058B5333C} = {D5EBBA98-804C-4BCE-970F-09317CD2E609}
		{77CC36BE-AD64-4AD3-95C6-0F352F6A3FE3} = {D5EBBA98-804C-4BCE-970F-09317CD2E609}
		{6DC10ED1-BCB3-4EDD-A9B3-5736EFF641FF} = {B73265A7-ED0C-41D7-8128-23A5341150F7}
	EndGlobalSection
	GlobalSection(ExtensibilityGlobals) = postSolution
		SolutionGuid = {E75E5EB2-121F-4108-B2CE-5EE0AAAC43F2}
	EndGlobalSection
EndGlobal
