
Microsoft Visual Studio Solution File, Format Version 12.00
# Visual Studio Version 16
VisualStudioVersion = 16.0.29613.14
MinimumVisualStudioVersion = 10.0.40219.1
Project("{8BC9CEB8-8B4A-11D0-8D11-00A0C91BC942}") = "BitsTest", "BitsTest\BitsTest.vcxproj", "{5B0D9911-39E2-4980-98D8-8190E2EAFDA0}"
EndProject
Project("{8BC9CEB8-8B4A-11D0-8D11-00A0C91BC942}") = "StackTrace", "StackTrace\StackTrace.vcxproj", "{7F707098-BA26-4E9B-90AC-B086A1471F26}"
EndProject
Project("{8BC9CEB8-8B4A-11D0-8D11-00A0C91BC942}") = "WlanTest", "WlanTest\WlanTest.vcxproj", "{29EED3B7-8627-49AB-A16B-7718019EADBC}"
EndProject
Project("{8BC9CEB8-8B4A-11D0-8D11-00A0C91BC942}") = "BoostAsio", "BoostAsio\BoostAsio.vcxproj", "{D65C8776-1B33-4B10-85E2-4F8A78B8A1E3}"
EndProject
Project("{8BC9CEB8-8B4A-11D0-8D11-00A0C91BC942}") = "AdSystemInfo", "AdSystemInfo\AdSystemInfo.vcxproj", "{3ADCB2D2-9CB1-4CC8-AF19-97F74E272DC8}"
EndProject
Project("{8BC9CEB8-8B4A-11D0-8D11-00A0C91BC942}") = "HardDriveInfo", "HardDriveInfo\HardDriveInfo.vcxproj", "{6DD230DA-4F0A-4B6C-B9E1-41E32AD17488}"
EndProject
Project("{8BC9CEB8-8B4A-11D0-8D11-00A0C91BC942}") = "WinHttp", "WinHttp\WinHttp.vcxproj", "{EDDEDB6A-EDB3-41E9-ADDC-0DCA8A01A8BA}"
EndProject
Project("{8BC9CEB8-8B4A-11D0-8D11-00A0C91BC942}") = "RegEditor", "RegEditor\RegEditor.vcxproj", "{D3114B9D-C41E-402E-9A60-63CAB60FB061}"
EndProject
Project("{8BC9CEB8-8B4A-11D0-8D11-00A0C91BC942}") = "DateTimeFormat", "DateTimeFormat\DateTimeFormat.vcxproj", "{76B55457-07CF-43BD-B409-0080AF7318D2}"
EndProject
Project("{8BC9CEB8-8B4A-11D0-8D11-00A0C91BC942}") = "WTS", "WTS\WTS.vcxproj", "{A8B38763-F93A-4715-81F4-CC31E9AEA4A0}"
EndProject
Project("{8BC9CEB8-8B4A-11D0-8D11-00A0C91BC942}") = "ProcessServer", "ProcessServer\ProcessServer.vcxproj", "{C25830E5-D5C6-46AC-B84D-A45C1AAC041C}"
	ProjectSection(ProjectDependencies) = postProject
		{86C61852-DD50-4242-BC3C-29B0A77D8158} = {86C61852-DD50-4242-BC3C-29B0A77D8158}
	EndProjectSection
EndProject
Project("{8BC9CEB8-8B4A-11D0-8D11-00A0C91BC942}") = "ProcessClient", "ProcessClient\ProcessClient.vcxproj", "{86C61852-DD50-4242-BC3C-29B0A77D8158}"
EndProject
Project("{8BC9CEB8-8B4A-11D0-8D11-00A0C91BC942}") = "IcmpTests", "IcmpTests\IcmpTests.vcxproj", "{7A5FC55A-F8EF-46A0-AFE8-A8977A5BC79C}"
EndProject
Project("{8BC9CEB8-8B4A-11D0-8D11-00A0C91BC942}") = "Random", "Random\Random.vcxproj", "{62766980-BCB8-4135-A08D-A960E3F0BB37}"
EndProject
Project("{8BC9CEB8-8B4A-11D0-8D11-00A0C91BC942}") = "WebSocket", "WebSocket\WebSocket.vcxproj", "{4E65FC96-F533-4F7B-97AE-85F092EF7468}"
EndProject
Project("{2150E333-8FDC-42A3-9474-1A3956D46DE8}") = "WinHttp WebSocket", "WinHttp WebSocket", "{3A496B5D-4188-43FC-883A-A36C5408DAF0}"
EndProject
Project("{2150E333-8FDC-42A3-9474-1A3956D46DE8}") = "Process", "Process", "{6A6F7F77-018F-42EF-948A-2C04F3A2CE5D}"
EndProject
Project("{2150E333-8FDC-42A3-9474-1A3956D46DE8}") = "ClientServer", "ClientServer", "{68E1B0EB-3487-4FAE-838E-EA7DC634963F}"
EndProject
Project("{2150E333-8FDC-42A3-9474-1A3956D46DE8}") = "CreateRestrictedProcess", "CreateRestrictedProcess", "{56FBFF47-9992-4FE0-BCCA-53B24EA3F1A9}"
EndProject
Project("{8BC9CEB8-8B4A-11D0-8D11-00A0C91BC942}") = "Client", "Client\Client.vcxproj", "{3E7B24BF-B5FD-4F9D-A530-54F0F448E527}"
EndProject
Project("{8BC9CEB8-8B4A-11D0-8D11-00A0C91BC942}") = "Server", "Server\Server.vcxproj", "{5AD47E88-E7C7-4A6C-8015-C0774EBE2D4F}"
EndProject
Project("{2150E333-8FDC-42A3-9474-1A3956D46DE8}") = "Threads", "Threads", "{3D2CC93E-5C45-422F-AE02-1588936AF0A1}"
EndProject
Project("{8BC9CEB8-8B4A-11D0-8D11-00A0C91BC942}") = "Win32Threads", "Win32Threads\Win32Threads.vcxproj", "{09B6161D-2E58-44A1-9027-5ECE0A9C5F72}"
EndProject
Project("{8BC9CEB8-8B4A-11D0-8D11-00A0C91BC942}") = "PrintLastError", "PrintLastError\PrintLastError.vcxproj", "{0F5D2D9D-4A0B-41A8-94F4-FB1B6BE9E8F1}"
EndProject
Project("{8BC9CEB8-8B4A-11D0-8D11-00A0C91BC942}") = "ClientServerLib", "ClientServerLib\ClientServerLib.vcxproj", "{66FF1711-B0E0-4975-842C-F5AEF199FEE4}"
EndProject
Project("{8BC9CEB8-8B4A-11D0-8D11-00A0C91BC942}") = "CreateGuid", "CreateGuid\CreateGuid.vcxproj", "{2F21096C-35F0-426E-9C78-7BF76AAC7D8B}"
EndProject
Project("{8BC9CEB8-8B4A-11D0-8D11-00A0C91BC942}") = "BoostBeastWebSocket", "BoostBeastWebSocket\BoostBeastWebSocket.vcxproj", "{29A73E05-D4C6-456E-AD06-3E9A1C6D6C3D}"
EndProject
Project("{8BC9CEB8-8B4A-11D0-8D11-00A0C91BC942}") = "WebSocketProto", "WebSocketProto\WebSocketProto.vcxproj", "{199FCDE9-FC0B-4A95-9655-9F8C1CE754B5}"
EndProject
Global
	GlobalSection(SolutionConfigurationPlatforms) = preSolution
		Debug|x64 = Debug|x64
		Debug|x86 = Debug|x86
		Release|x64 = Release|x64
		Release|x86 = Release|x86
	EndGlobalSection
	GlobalSection(ProjectConfigurationPlatforms) = postSolution
		{5B0D9911-39E2-4980-98D8-8190E2EAFDA0}.Debug|x64.ActiveCfg = Debug|x64
		{5B0D9911-39E2-4980-98D8-8190E2EAFDA0}.Debug|x64.Build.0 = Debug|x64
		{5B0D9911-39E2-4980-98D8-8190E2EAFDA0}.Debug|x86.ActiveCfg = Debug|Win32
		{5B0D9911-39E2-4980-98D8-8190E2EAFDA0}.Debug|x86.Build.0 = Debug|Win32
		{5B0D9911-39E2-4980-98D8-8190E2EAFDA0}.Release|x64.ActiveCfg = Release|x64
		{5B0D9911-39E2-4980-98D8-8190E2EAFDA0}.Release|x64.Build.0 = Release|x64
		{5B0D9911-39E2-4980-98D8-8190E2EAFDA0}.Release|x86.ActiveCfg = Release|Win32
		{5B0D9911-39E2-4980-98D8-8190E2EAFDA0}.Release|x86.Build.0 = Release|Win32
		{7F707098-BA26-4E9B-90AC-B086A1471F26}.Debug|x64.ActiveCfg = Debug|x64
		{7F707098-BA26-4E9B-90AC-B086A1471F26}.Debug|x64.Build.0 = Debug|x64
		{7F707098-BA26-4E9B-90AC-B086A1471F26}.Debug|x86.ActiveCfg = Debug|Win32
		{7F707098-BA26-4E9B-90AC-B086A1471F26}.Debug|x86.Build.0 = Debug|Win32
		{7F707098-BA26-4E9B-90AC-B086A1471F26}.Release|x64.ActiveCfg = Release|x64
		{7F707098-BA26-4E9B-90AC-B086A1471F26}.Release|x64.Build.0 = Release|x64
		{7F707098-BA26-4E9B-90AC-B086A1471F26}.Release|x86.ActiveCfg = Release|Win32
		{7F707098-BA26-4E9B-90AC-B086A1471F26}.Release|x86.Build.0 = Release|Win32
		{29EED3B7-8627-49AB-A16B-7718019EADBC}.Debug|x64.ActiveCfg = Debug|x64
		{29EED3B7-8627-49AB-A16B-7718019EADBC}.Debug|x64.Build.0 = Debug|x64
		{29EED3B7-8627-49AB-A16B-7718019EADBC}.Debug|x86.ActiveCfg = Debug|Win32
		{29EED3B7-8627-49AB-A16B-7718019EADBC}.Debug|x86.Build.0 = Debug|Win32
		{29EED3B7-8627-49AB-A16B-7718019EADBC}.Release|x64.ActiveCfg = Release|x64
		{29EED3B7-8627-49AB-A16B-7718019EADBC}.Release|x64.Build.0 = Release|x64
		{29EED3B7-8627-49AB-A16B-7718019EADBC}.Release|x86.ActiveCfg = Release|Win32
		{29EED3B7-8627-49AB-A16B-7718019EADBC}.Release|x86.Build.0 = Release|Win32
		{D65C8776-1B33-4B10-85E2-4F8A78B8A1E3}.Debug|x64.ActiveCfg = Debug|x64
		{D65C8776-1B33-4B10-85E2-4F8A78B8A1E3}.Debug|x64.Build.0 = Debug|x64
		{D65C8776-1B33-4B10-85E2-4F8A78B8A1E3}.Debug|x86.ActiveCfg = Debug|Win32
		{D65C8776-1B33-4B10-85E2-4F8A78B8A1E3}.Debug|x86.Build.0 = Debug|Win32
		{D65C8776-1B33-4B10-85E2-4F8A78B8A1E3}.Release|x64.ActiveCfg = Release|x64
		{D65C8776-1B33-4B10-85E2-4F8A78B8A1E3}.Release|x64.Build.0 = Release|x64
		{D65C8776-1B33-4B10-85E2-4F8A78B8A1E3}.Release|x86.ActiveCfg = Release|Win32
		{D65C8776-1B33-4B10-85E2-4F8A78B8A1E3}.Release|x86.Build.0 = Release|Win32
		{3ADCB2D2-9CB1-4CC8-AF19-97F74E272DC8}.Debug|x64.ActiveCfg = Debug|x64
		{3ADCB2D2-9CB1-4CC8-AF19-97F74E272DC8}.Debug|x64.Build.0 = Debug|x64
		{3ADCB2D2-9CB1-4CC8-AF19-97F74E272DC8}.Debug|x86.ActiveCfg = Debug|Win32
		{3ADCB2D2-9CB1-4CC8-AF19-97F74E272DC8}.Debug|x86.Build.0 = Debug|Win32
		{3ADCB2D2-9CB1-4CC8-AF19-97F74E272DC8}.Release|x64.ActiveCfg = Release|x64
		{3ADCB2D2-9CB1-4CC8-AF19-97F74E272DC8}.Release|x64.Build.0 = Release|x64
		{3ADCB2D2-9CB1-4CC8-AF19-97F74E272DC8}.Release|x86.ActiveCfg = Release|Win32
		{3ADCB2D2-9CB1-4CC8-AF19-97F74E272DC8}.Release|x86.Build.0 = Release|Win32
		{6DD230DA-4F0A-4B6C-B9E1-41E32AD17488}.Debug|x64.ActiveCfg = Debug|x64
		{6DD230DA-4F0A-4B6C-B9E1-41E32AD17488}.Debug|x64.Build.0 = Debug|x64
		{6DD230DA-4F0A-4B6C-B9E1-41E32AD17488}.Debug|x86.ActiveCfg = Debug|Win32
		{6DD230DA-4F0A-4B6C-B9E1-41E32AD17488}.Debug|x86.Build.0 = Debug|Win32
		{6DD230DA-4F0A-4B6C-B9E1-41E32AD17488}.Release|x64.ActiveCfg = Release|x64
		{6DD230DA-4F0A-4B6C-B9E1-41E32AD17488}.Release|x64.Build.0 = Release|x64
		{6DD230DA-4F0A-4B6C-B9E1-41E32AD17488}.Release|x86.ActiveCfg = Release|Win32
		{6DD230DA-4F0A-4B6C-B9E1-41E32AD17488}.Release|x86.Build.0 = Release|Win32
		{EDDEDB6A-EDB3-41E9-ADDC-0DCA8A01A8BA}.Debug|x64.ActiveCfg = Debug|x64
		{EDDEDB6A-EDB3-41E9-ADDC-0DCA8A01A8BA}.Debug|x64.Build.0 = Debug|x64
		{EDDEDB6A-EDB3-41E9-ADDC-0DCA8A01A8BA}.Debug|x86.ActiveCfg = Debug|Win32
		{EDDEDB6A-EDB3-41E9-ADDC-0DCA8A01A8BA}.Debug|x86.Build.0 = Debug|Win32
		{EDDEDB6A-EDB3-41E9-ADDC-0DCA8A01A8BA}.Release|x64.ActiveCfg = Release|x64
		{EDDEDB6A-EDB3-41E9-ADDC-0DCA8A01A8BA}.Release|x64.Build.0 = Release|x64
		{EDDEDB6A-EDB3-41E9-ADDC-0DCA8A01A8BA}.Release|x86.ActiveCfg = Release|Win32
		{EDDEDB6A-EDB3-41E9-ADDC-0DCA8A01A8BA}.Release|x86.Build.0 = Release|Win32
		{D3114B9D-C41E-402E-9A60-63CAB60FB061}.Debug|x64.ActiveCfg = Debug|x64
		{D3114B9D-C41E-402E-9A60-63CAB60FB061}.Debug|x64.Build.0 = Debug|x64
		{D3114B9D-C41E-402E-9A60-63CAB60FB061}.Debug|x86.ActiveCfg = Debug|Win32
		{D3114B9D-C41E-402E-9A60-63CAB60FB061}.Debug|x86.Build.0 = Debug|Win32
		{D3114B9D-C41E-402E-9A60-63CAB60FB061}.Release|x64.ActiveCfg = Release|x64
		{D3114B9D-C41E-402E-9A60-63CAB60FB061}.Release|x64.Build.0 = Release|x64
		{D3114B9D-C41E-402E-9A60-63CAB60FB061}.Release|x86.ActiveCfg = Release|Win32
		{D3114B9D-C41E-402E-9A60-63CAB60FB061}.Release|x86.Build.0 = Release|Win32
		{76B55457-07CF-43BD-B409-0080AF7318D2}.Debug|x64.ActiveCfg = Debug|x64
		{76B55457-07CF-43BD-B409-0080AF7318D2}.Debug|x64.Build.0 = Debug|x64
		{76B55457-07CF-43BD-B409-0080AF7318D2}.Debug|x86.ActiveCfg = Debug|Win32
		{76B55457-07CF-43BD-B409-0080AF7318D2}.Debug|x86.Build.0 = Debug|Win32
		{76B55457-07CF-43BD-B409-0080AF7318D2}.Release|x64.ActiveCfg = Release|x64
		{76B55457-07CF-43BD-B409-0080AF7318D2}.Release|x64.Build.0 = Release|x64
		{76B55457-07CF-43BD-B409-0080AF7318D2}.Release|x86.ActiveCfg = Release|Win32
		{76B55457-07CF-43BD-B409-0080AF7318D2}.Release|x86.Build.0 = Release|Win32
		{A8B38763-F93A-4715-81F4-CC31E9AEA4A0}.Debug|x64.ActiveCfg = Debug|x64
		{A8B38763-F93A-4715-81F4-CC31E9AEA4A0}.Debug|x64.Build.0 = Debug|x64
		{A8B38763-F93A-4715-81F4-CC31E9AEA4A0}.Debug|x86.ActiveCfg = Debug|Win32
		{A8B38763-F93A-4715-81F4-CC31E9AEA4A0}.Debug|x86.Build.0 = Debug|Win32
		{A8B38763-F93A-4715-81F4-CC31E9AEA4A0}.Release|x64.ActiveCfg = Release|x64
		{A8B38763-F93A-4715-81F4-CC31E9AEA4A0}.Release|x64.Build.0 = Release|x64
		{A8B38763-F93A-4715-81F4-CC31E9AEA4A0}.Release|x86.ActiveCfg = Release|Win32
		{A8B38763-F93A-4715-81F4-CC31E9AEA4A0}.Release|x86.Build.0 = Release|Win32
		{C25830E5-D5C6-46AC-B84D-A45C1AAC041C}.Debug|x64.ActiveCfg = Debug|x64
		{C25830E5-D5C6-46AC-B84D-A45C1AAC041C}.Debug|x64.Build.0 = Debug|x64
		{C25830E5-D5C6-46AC-B84D-A45C1AAC041C}.Debug|x86.ActiveCfg = Debug|Win32
		{C25830E5-D5C6-46AC-B84D-A45C1AAC041C}.Debug|x86.Build.0 = Debug|Win32
		{C25830E5-D5C6-46AC-B84D-A45C1AAC041C}.Release|x64.ActiveCfg = Release|x64
		{C25830E5-D5C6-46AC-B84D-A45C1AAC041C}.Release|x64.Build.0 = Release|x64
		{C25830E5-D5C6-46AC-B84D-A45C1AAC041C}.Release|x86.ActiveCfg = Release|Win32
		{C25830E5-D5C6-46AC-B84D-A45C1AAC041C}.Release|x86.Build.0 = Release|Win32
		{86C61852-DD50-4242-BC3C-29B0A77D8158}.Debug|x64.ActiveCfg = Debug|x64
		{86C61852-DD50-4242-BC3C-29B0A77D8158}.Debug|x64.Build.0 = Debug|x64
		{86C61852-DD50-4242-BC3C-29B0A77D8158}.Debug|x86.ActiveCfg = Debug|Win32
		{86C61852-DD50-4242-BC3C-29B0A77D8158}.Debug|x86.Build.0 = Debug|Win32
		{86C61852-DD50-4242-BC3C-29B0A77D8158}.Release|x64.ActiveCfg = Release|x64
		{86C61852-DD50-4242-BC3C-29B0A77D8158}.Release|x64.Build.0 = Release|x64
		{86C61852-DD50-4242-BC3C-29B0A77D8158}.Release|x86.ActiveCfg = Release|Win32
		{86C61852-DD50-4242-BC3C-29B0A77D8158}.Release|x86.Build.0 = Release|Win32
		{7A5FC55A-F8EF-46A0-AFE8-A8977A5BC79C}.Debug|x64.ActiveCfg = Debug|x64
		{7A5FC55A-F8EF-46A0-AFE8-A8977A5BC79C}.Debug|x64.Build.0 = Debug|x64
		{7A5FC55A-F8EF-46A0-AFE8-A8977A5BC79C}.Debug|x86.ActiveCfg = Debug|Win32
		{7A5FC55A-F8EF-46A0-AFE8-A8977A5BC79C}.Debug|x86.Build.0 = Debug|Win32
		{7A5FC55A-F8EF-46A0-AFE8-A8977A5BC79C}.Release|x64.ActiveCfg = Release|x64
		{7A5FC55A-F8EF-46A0-AFE8-A8977A5BC79C}.Release|x64.Build.0 = Release|x64
		{7A5FC55A-F8EF-46A0-AFE8-A8977A5BC79C}.Release|x86.ActiveCfg = Release|Win32
		{7A5FC55A-F8EF-46A0-AFE8-A8977A5BC79C}.Release|x86.Build.0 = Release|Win32
		{62766980-BCB8-4135-A08D-A960E3F0BB37}.Debug|x64.ActiveCfg = Debug|x64
		{62766980-BCB8-4135-A08D-A960E3F0BB37}.Debug|x64.Build.0 = Debug|x64
		{62766980-BCB8-4135-A08D-A960E3F0BB37}.Debug|x86.ActiveCfg = Debug|Win32
		{62766980-BCB8-4135-A08D-A960E3F0BB37}.Debug|x86.Build.0 = Debug|Win32
		{62766980-BCB8-4135-A08D-A960E3F0BB37}.Release|x64.ActiveCfg = Release|x64
		{62766980-BCB8-4135-A08D-A960E3F0BB37}.Release|x64.Build.0 = Release|x64
		{62766980-BCB8-4135-A08D-A960E3F0BB37}.Release|x86.ActiveCfg = Release|Win32
		{62766980-BCB8-4135-A08D-A960E3F0BB37}.Release|x86.Build.0 = Release|Win32
		{4E65FC96-F533-4F7B-97AE-85F092EF7468}.Debug|x64.ActiveCfg = Debug|x64
		{4E65FC96-F533-4F7B-97AE-85F092EF7468}.Debug|x64.Build.0 = Debug|x64
		{4E65FC96-F533-4F7B-97AE-85F092EF7468}.Debug|x86.ActiveCfg = Debug|Win32
		{4E65FC96-F533-4F7B-97AE-85F092EF7468}.Debug|x86.Build.0 = Debug|Win32
		{4E65FC96-F533-4F7B-97AE-85F092EF7468}.Release|x64.ActiveCfg = Release|x64
		{4E65FC96-F533-4F7B-97AE-85F092EF7468}.Release|x64.Build.0 = Release|x64
		{4E65FC96-F533-4F7B-97AE-85F092EF7468}.Release|x86.ActiveCfg = Release|Win32
		{4E65FC96-F533-4F7B-97AE-85F092EF7468}.Release|x86.Build.0 = Release|Win32
		{3E7B24BF-B5FD-4F9D-A530-54F0F448E527}.Debug|x64.ActiveCfg = Debug|x64
		{3E7B24BF-B5FD-4F9D-A530-54F0F448E527}.Debug|x64.Build.0 = Debug|x64
		{3E7B24BF-B5FD-4F9D-A530-54F0F448E527}.Debug|x86.ActiveCfg = Debug|Win32
		{3E7B24BF-B5FD-4F9D-A530-54F0F448E527}.Debug|x86.Build.0 = Debug|Win32
		{3E7B24BF-B5FD-4F9D-A530-54F0F448E527}.Release|x64.ActiveCfg = Release|x64
		{3E7B24BF-B5FD-4F9D-A530-54F0F448E527}.Release|x64.Build.0 = Release|x64
		{3E7B24BF-B5FD-4F9D-A530-54F0F448E527}.Release|x86.ActiveCfg = Release|Win32
		{3E7B24BF-B5FD-4F9D-A530-54F0F448E527}.Release|x86.Build.0 = Release|Win32
		{5AD47E88-E7C7-4A6C-8015-C0774EBE2D4F}.Debug|x64.ActiveCfg = Debug|x64
		{5AD47E88-E7C7-4A6C-8015-C0774EBE2D4F}.Debug|x64.Build.0 = Debug|x64
		{5AD47E88-E7C7-4A6C-8015-C0774EBE2D4F}.Debug|x86.ActiveCfg = Debug|Win32
		{5AD47E88-E7C7-4A6C-8015-C0774EBE2D4F}.Debug|x86.Build.0 = Debug|Win32
		{5AD47E88-E7C7-4A6C-8015-C0774EBE2D4F}.Release|x64.ActiveCfg = Release|x64
		{5AD47E88-E7C7-4A6C-8015-C0774EBE2D4F}.Release|x64.Build.0 = Release|x64
		{5AD47E88-E7C7-4A6C-8015-C0774EBE2D4F}.Release|x86.ActiveCfg = Release|Win32
		{5AD47E88-E7C7-4A6C-8015-C0774EBE2D4F}.Release|x86.Build.0 = Release|Win32
		{09B6161D-2E58-44A1-9027-5ECE0A9C5F72}.Debug|x64.ActiveCfg = Debug|x64
		{09B6161D-2E58-44A1-9027-5ECE0A9C5F72}.Debug|x64.Build.0 = Debug|x64
		{09B6161D-2E58-44A1-9027-5ECE0A9C5F72}.Debug|x86.ActiveCfg = Debug|Win32
		{09B6161D-2E58-44A1-9027-5ECE0A9C5F72}.Debug|x86.Build.0 = Debug|Win32
		{09B6161D-2E58-44A1-9027-5ECE0A9C5F72}.Release|x64.ActiveCfg = Release|x64
		{09B6161D-2E58-44A1-9027-5ECE0A9C5F72}.Release|x64.Build.0 = Release|x64
		{09B6161D-2E58-44A1-9027-5ECE0A9C5F72}.Release|x86.ActiveCfg = Release|Win32
		{09B6161D-2E58-44A1-9027-5ECE0A9C5F72}.Release|x86.Build.0 = Release|Win32
		{0F5D2D9D-4A0B-41A8-94F4-FB1B6BE9E8F1}.Debug|x64.ActiveCfg = Debug|x64
		{0F5D2D9D-4A0B-41A8-94F4-FB1B6BE9E8F1}.Debug|x64.Build.0 = Debug|x64
		{0F5D2D9D-4A0B-41A8-94F4-FB1B6BE9E8F1}.Debug|x86.ActiveCfg = Debug|Win32
		{0F5D2D9D-4A0B-41A8-94F4-FB1B6BE9E8F1}.Debug|x86.Build.0 = Debug|Win32
		{0F5D2D9D-4A0B-41A8-94F4-FB1B6BE9E8F1}.Release|x64.ActiveCfg = Release|x64
		{0F5D2D9D-4A0B-41A8-94F4-FB1B6BE9E8F1}.Release|x64.Build.0 = Release|x64
		{0F5D2D9D-4A0B-41A8-94F4-FB1B6BE9E8F1}.Release|x86.ActiveCfg = Release|Win32
		{0F5D2D9D-4A0B-41A8-94F4-FB1B6BE9E8F1}.Release|x86.Build.0 = Release|Win32
		{66FF1711-B0E0-4975-842C-F5AEF199FEE4}.Debug|x64.ActiveCfg = Debug|x64
		{66FF1711-B0E0-4975-842C-F5AEF199FEE4}.Debug|x64.Build.0 = Debug|x64
		{66FF1711-B0E0-4975-842C-F5AEF199FEE4}.Debug|x86.ActiveCfg = Debug|Win32
		{66FF1711-B0E0-4975-842C-F5AEF199FEE4}.Debug|x86.Build.0 = Debug|Win32
		{66FF1711-B0E0-4975-842C-F5AEF199FEE4}.Release|x64.ActiveCfg = Release|x64
		{66FF1711-B0E0-4975-842C-F5AEF199FEE4}.Release|x64.Build.0 = Release|x64
		{66FF1711-B0E0-4975-842C-F5AEF199FEE4}.Release|x86.ActiveCfg = Release|Win32
		{66FF1711-B0E0-4975-842C-F5AEF199FEE4}.Release|x86.Build.0 = Release|Win32
		{2F21096C-35F0-426E-9C78-7BF76AAC7D8B}.Debug|x64.ActiveCfg = Debug|x64
		{2F21096C-35F0-426E-9C78-7BF76AAC7D8B}.Debug|x64.Build.0 = Debug|x64
		{2F21096C-35F0-426E-9C78-7BF76AAC7D8B}.Debug|x86.ActiveCfg = Debug|Win32
		{2F21096C-35F0-426E-9C78-7BF76AAC7D8B}.Debug|x86.Build.0 = Debug|Win32
		{2F21096C-35F0-426E-9C78-7BF76AAC7D8B}.Release|x64.ActiveCfg = Release|x64
		{2F21096C-35F0-426E-9C78-7BF76AAC7D8B}.Release|x64.Build.0 = Release|x64
		{2F21096C-35F0-426E-9C78-7BF76AAC7D8B}.Release|x86.ActiveCfg = Release|Win32
		{2F21096C-35F0-426E-9C78-7BF76AAC7D8B}.Release|x86.Build.0 = Release|Win32
		{29A73E05-D4C6-456E-AD06-3E9A1C6D6C3D}.Debug|x64.ActiveCfg = Debug|x64
		{29A73E05-D4C6-456E-AD06-3E9A1C6D6C3D}.Debug|x64.Build.0 = Debug|x64
		{29A73E05-D4C6-456E-AD06-3E9A1C6D6C3D}.Debug|x86.ActiveCfg = Debug|Win32
		{29A73E05-D4C6-456E-AD06-3E9A1C6D6C3D}.Debug|x86.Build.0 = Debug|Win32
		{29A73E05-D4C6-456E-AD06-3E9A1C6D6C3D}.Release|x64.ActiveCfg = Release|x64
		{29A73E05-D4C6-456E-AD06-3E9A1C6D6C3D}.Release|x64.Build.0 = Release|x64
		{29A73E05-D4C6-456E-AD06-3E9A1C6D6C3D}.Release|x86.ActiveCfg = Release|Win32
		{29A73E05-D4C6-456E-AD06-3E9A1C6D6C3D}.Release|x86.Build.0 = Release|Win32
		{199FCDE9-FC0B-4A95-9655-9F8C1CE754B5}.Debug|x64.ActiveCfg = Debug|x64
		{199FCDE9-FC0B-4A95-9655-9F8C1CE754B5}.Debug|x64.Build.0 = Debug|x64
		{199FCDE9-FC0B-4A95-9655-9F8C1CE754B5}.Debug|x86.ActiveCfg = Debug|Win32
		{199FCDE9-FC0B-4A95-9655-9F8C1CE754B5}.Debug|x86.Build.0 = Debug|Win32
		{199FCDE9-FC0B-4A95-9655-9F8C1CE754B5}.Release|x64.ActiveCfg = Release|x64
		{199FCDE9-FC0B-4A95-9655-9F8C1CE754B5}.Release|x64.Build.0 = Release|x64
		{199FCDE9-FC0B-4A95-9655-9F8C1CE754B5}.Release|x86.ActiveCfg = Release|Win32
		{199FCDE9-FC0B-4A95-9655-9F8C1CE754B5}.Release|x86.Build.0 = Release|Win32
	EndGlobalSection
	GlobalSection(SolutionProperties) = preSolution
		HideSolutionNode = FALSE
	EndGlobalSection
	GlobalSection(NestedProjects) = preSolution
		{C25830E5-D5C6-46AC-B84D-A45C1AAC041C} = {68E1B0EB-3487-4FAE-838E-EA7DC634963F}
		{86C61852-DD50-4242-BC3C-29B0A77D8158} = {68E1B0EB-3487-4FAE-838E-EA7DC634963F}
		{4E65FC96-F533-4F7B-97AE-85F092EF7468} = {3A496B5D-4188-43FC-883A-A36C5408DAF0}
		{68E1B0EB-3487-4FAE-838E-EA7DC634963F} = {6A6F7F77-018F-42EF-948A-2C04F3A2CE5D}
		{56FBFF47-9992-4FE0-BCCA-53B24EA3F1A9} = {6A6F7F77-018F-42EF-948A-2C04F3A2CE5D}
		{3E7B24BF-B5FD-4F9D-A530-54F0F448E527} = {56FBFF47-9992-4FE0-BCCA-53B24EA3F1A9}
		{5AD47E88-E7C7-4A6C-8015-C0774EBE2D4F} = {56FBFF47-9992-4FE0-BCCA-53B24EA3F1A9}
		{09B6161D-2E58-44A1-9027-5ECE0A9C5F72} = {3D2CC93E-5C45-422F-AE02-1588936AF0A1}
		{66FF1711-B0E0-4975-842C-F5AEF199FEE4} = {68E1B0EB-3487-4FAE-838E-EA7DC634963F}
		{199FCDE9-FC0B-4A95-9655-9F8C1CE754B5} = {3A496B5D-4188-43FC-883A-A36C5408DAF0}
	EndGlobalSection
	GlobalSection(ExtensibilityGlobals) = postSolution
		SolutionGuid = {E75E5EB2-121F-4108-B2CE-5EE0AAAC43F2}
	EndGlobalSection
EndGlobal
